{
  "version": 4,
  "terraform_version": "1.11.4",
  "serial": 373,
  "lineage": "6f8e4136-3bd7-3340-0c8f-dd55fffe5c02",
  "outputs": {},
  "resources": [
    {
      "mode": "data",
      "type": "yandex_compute_image",
      "name": "webserver",
      "provider": "provider[\"registry.terraform.io/yandex-cloud/yandex\"]",
      "instances": [
        {
          "schema_version": 0,
          "attributes": {
            "created_at": "2025-04-14T11:05:42Z",
            "description": "LEMP",
            "family": "lemp",
            "folder_id": "standard-images",
            "hardware_generation": [
              {
                "generation2_features": [],
                "legacy_features": [
                  {
                    "pci_topology": "PCI_TOPOLOGY_V1"
                  }
                ]
              }
            ],
            "id": "fd8gbeo6g33s54fdfcvh",
            "image_id": "fd8gbeo6g33s54fdfcvh",
            "kms_key_id": null,
            "labels": {},
            "min_disk_size": 3,
            "name": "lemp-v20250414",
            "os_type": "linux",
            "pooled": true,
            "product_ids": [
              "f2e5mbnhahkff0giqt3j",
              "f2elr5f8r01hlf85rrpf"
            ],
            "size": 2,
            "status": "ready"
          },
          "sensitive_attributes": []
        }
      ]
    },
    {
      "mode": "managed",
      "type": "yandex_compute_instance_group",
      "name": "web-netology",
      "provider": "provider[\"registry.terraform.io/yandex-cloud/yandex\"]",
      "instances": [
        {
          "schema_version": 0,
          "attributes": {
            "allocation_policy": [
              {
                "instance_tags_pool": [],
                "zones": [
                  "ru-central1-a",
                  "ru-central1-b",
                  "ru-central1-c"
                ]
              }
            ],
            "application_load_balancer": [
              {
                "ignore_health_checks": false,
                "max_opening_traffic_duration": 0,
                "status_message": "",
                "target_group_description": "",
                "target_group_id": "ds75lt36st3js05hbrmf",
                "target_group_labels": null,
                "target_group_name": "cw-netology"
              }
            ],
            "created_at": "2025-04-18T19:12:42Z",
            "deletion_protection": false,
            "deploy_policy": [
              {
                "max_creating": 3,
                "max_deleting": 2,
                "max_expansion": 1,
                "max_unavailable": 1,
                "startup_duration": 0,
                "strategy": "proactive"
              }
            ],
            "description": "",
            "folder_id": "b1gmcfm3lo99laoohqlp",
            "health_check": [],
            "id": "cl1o5h7fdgafi6c0ksms",
            "instance_template": [
              {
                "boot_disk": [
                  {
                    "device_name": "",
                    "disk_id": "",
                    "initialize_params": [
                      {
                        "description": "",
                        "image_id": "fd8gbeo6g33s54fdfcvh",
                        "size": 20,
                        "snapshot_id": "",
                        "type": "network-hdd"
                      }
                    ],
                    "mode": "READ_WRITE",
                    "name": ""
                  }
                ],
                "description": "",
                "filesystem": [],
                "hostname": "webserver-{instance.short_id}",
                "labels": {},
                "metadata": {
                  "user-data": "#cloud-config\ndisable_root: true\ntimezone: Moscow\nrepo_update: true\nrepo_upgrade: true\napt:\n  preserve_sources_list: true\n\n#packages:\n#  - python3\n#  - python3-pip\n#\n#runcmd:\n#  - [ sysctl, -w, vm.max_map_count=262144 ]\n\nusers:\n - name: ansible\n   groups: sudo\n   shell: /bin/bash\n   sudo: ['ALL=(ALL) NOPASSWD:ALL']\n   ssh-authorized-keys:\n     - ssh-ed25519 AAAAC3NzaC1lZDI1NTE5AAAAIKtRGiRY8xgoaoRgFAP2zbn73GfBX7xkGZSTaLodiJDk andr-mozha@yandex.ru\n"
                },
                "metadata_options": [
                  {
                    "aws_v1_http_endpoint": 0,
                    "aws_v1_http_token": 0,
                    "gce_http_endpoint": 0,
                    "gce_http_token": 0
                  }
                ],
                "name": "webserver-{instance.short_id}",
                "network_interface": [
                  {
                    "dns_record": [],
                    "ip_address": "",
                    "ipv4": true,
                    "ipv6": false,
                    "ipv6_address": "",
                    "ipv6_dns_record": [],
                    "nat": false,
                    "nat_dns_record": [],
                    "nat_ip_address": "",
                    "network_id": "enpl3rrn103fs5bi9l9c",
                    "security_group_ids": [
                      "enpabrhrb9410tkvmtdl"
                    ],
                    "subnet_ids": [
                      "e2l24khlmm3rbluihvtg",
                      "e9b4das7diguc3rbpbvb",
                      "fl8v4h2o8s3n4o7s6bti"
                    ]
                  }
                ],
                "network_settings": [],
                "placement_policy": [],
                "platform_id": "standard-v3",
                "resources": [
                  {
                    "core_fraction": 20,
                    "cores": 2,
                    "gpus": 0,
                    "memory": 1
                  }
                ],
                "scheduling_policy": [
                  {
                    "preemptible": false
                  }
                ],
                "secondary_disk": [],
                "service_account_id": "aje2a2l0fn8o4kioko4t"
              }
            ],
            "instances": [
              {
                "fqdn": "webserver-oqez.ru-central1.internal",
                "instance_id": "fhmj8mckpua81154ude0",
                "instance_tag": "",
                "name": "webserver-oqez",
                "network_interface": [
                  {
                    "index": 0,
                    "ip_address": "192.168.1.22",
                    "ipv4": true,
                    "ipv6": false,
                    "ipv6_address": "",
                    "mac_address": "d0:0d:13:45:99:4c",
                    "nat": false,
                    "nat_ip_address": "",
                    "nat_ip_version": "",
                    "subnet_id": "e9b4das7diguc3rbpbvb"
                  }
                ],
                "status": "RUNNING_ACTUAL",
                "status_changed_at": "2025-04-18T19:13:26Z",
                "status_message": "",
                "zone_id": "ru-central1-a"
              },
              {
                "fqdn": "webserver-agiv.ru-central1.internal",
                "instance_id": "epdm4sr2qn1d61ngidks",
                "instance_tag": "",
                "name": "webserver-agiv",
                "network_interface": [
                  {
                    "index": 0,
                    "ip_address": "192.168.2.12",
                    "ipv4": true,
                    "ipv6": false,
                    "ipv6_address": "",
                    "mac_address": "d0:0d:16:27:36:2d",
                    "nat": false,
                    "nat_ip_address": "",
                    "nat_ip_version": "",
                    "subnet_id": "e2l24khlmm3rbluihvtg"
                  }
                ],
                "status": "RUNNING_ACTUAL",
                "status_changed_at": "2025-04-18T19:13:26Z",
                "status_message": "",
                "zone_id": "ru-central1-b"
              },
              {
                "fqdn": "webserver-ypak.ru-central1.internal",
                "instance_id": "epdmti9hpolvtg2kpkg5",
                "instance_tag": "",
                "name": "webserver-ypak",
                "network_interface": [
                  {
                    "index": 0,
                    "ip_address": "192.168.2.18",
                    "ipv4": true,
                    "ipv6": false,
                    "ipv6_address": "",
                    "mac_address": "d0:0d:16:ec:93:1c",
                    "nat": false,
                    "nat_ip_address": "",
                    "nat_ip_version": "",
                    "subnet_id": "e2l24khlmm3rbluihvtg"
                  }
                ],
                "status": "RUNNING_ACTUAL",
                "status_changed_at": "2025-04-18T19:13:32Z",
                "status_message": "",
                "zone_id": "ru-central1-b"
              }
            ],
            "labels": null,
            "load_balancer": [],
            "max_checking_health_duration": null,
            "name": "web-netology",
            "scale_policy": [
              {
                "auto_scale": [],
                "fixed_scale": [
                  {
                    "size": 3
                  }
                ],
                "test_auto_scale": []
              }
            ],
            "service_account_id": "aje2a2l0fn8o4kioko4t",
            "status": "ACTIVE",
            "timeouts": null,
            "variables": null
          },
          "sensitive_attributes": [],
          "private": "eyJlMmJmYjczMC1lY2FhLTExZTYtOGY4OC0zNDM2M2JjN2M0YzAiOnsiY3JlYXRlIjoxODAwMDAwMDAwMDAwLCJkZWxldGUiOjE4MDAwMDAwMDAwMDAsInVwZGF0ZSI6MTgwMDAwMDAwMDAwMH19",
          "dependencies": [
            "data.yandex_compute_image.webserver",
            "yandex_iam_service_account.dude",
            "yandex_resourcemanager_folder_iam_binding.editor",
            "yandex_vpc_gateway.cw-private-gateway",
            "yandex_vpc_network.vpc",
            "yandex_vpc_route_table.vpc_route",
            "yandex_vpc_security_group.webservers",
            "yandex_vpc_subnet.private-web-a",
            "yandex_vpc_subnet.private-web-b",
            "yandex_vpc_subnet.private-web-c"
          ]
        }
      ]
    },
    {
      "mode": "managed",
      "type": "yandex_iam_service_account",
      "name": "dude",
      "provider": "provider[\"registry.terraform.io/yandex-cloud/yandex\"]",
      "instances": [
        {
          "schema_version": 0,
          "attributes": {
            "created_at": "2025-04-18T19:12:36Z",
            "description": "service account to manage VMs",
            "folder_id": "b1gmcfm3lo99laoohqlp",
            "id": "aje2a2l0fn8o4kioko4t",
            "name": "dude",
            "timeouts": null
          },
          "sensitive_attributes": [],
          "private": "eyJlMmJmYjczMC1lY2FhLTExZTYtOGY4OC0zNDM2M2JjN2M0YzAiOnsiY3JlYXRlIjo2MDAwMDAwMDAwMCwiZGVsZXRlIjo2MDAwMDAwMDAwMCwidXBkYXRlIjo2MDAwMDAwMDAwMH19"
        }
      ]
    },
    {
      "mode": "managed",
      "type": "yandex_resourcemanager_folder_iam_binding",
      "name": "editor",
      "provider": "provider[\"registry.terraform.io/yandex-cloud/yandex\"]",
      "instances": [
        {
          "schema_version": 0,
          "attributes": {
            "folder_id": "b1gmcfm3lo99laoohqlp",
            "id": "b1gmcfm3lo99laoohqlp/editor",
            "members": [
              "serviceAccount:aje2a2l0fn8o4kioko4t"
            ],
            "role": "editor",
            "sleep_after": null,
            "timeouts": null
          },
          "sensitive_attributes": [],
          "private": "eyJlMmJmYjczMC1lY2FhLTExZTYtOGY4OC0zNDM2M2JjN2M0YzAiOnsiY3JlYXRlIjo2MDAwMDAwMDAwMCwiZGVmYXVsdCI6NjAwMDAwMDAwMDAsImRlbGV0ZSI6NjAwMDAwMDAwMDAsInJlYWQiOjYwMDAwMDAwMDAwLCJ1cGRhdGUiOjYwMDAwMDAwMDAwfX0=",
          "dependencies": [
            "yandex_iam_service_account.dude"
          ]
        }
      ]
    },
    {
      "mode": "managed",
      "type": "yandex_vpc_gateway",
      "name": "cw-private-gateway",
      "provider": "provider[\"registry.terraform.io/yandex-cloud/yandex\"]",
      "instances": [
        {
          "schema_version": 0,
          "attributes": {
            "created_at": "2025-04-18T19:12:36Z",
            "description": "",
            "folder_id": "b1gmcfm3lo99laoohqlp",
            "id": "enpkq1k2na795emvboog",
            "labels": {},
            "name": "cw-private-gateway",
            "shared_egress_gateway": [
              {}
            ],
            "timeouts": null
          },
          "sensitive_attributes": [],
          "private": "eyJlMmJmYjczMC1lY2FhLTExZTYtOGY4OC0zNDM2M2JjN2M0YzAiOnsiY3JlYXRlIjo2MDAwMDAwMDAwMCwiZGVsZXRlIjo2MDAwMDAwMDAwMCwidXBkYXRlIjo2MDAwMDAwMDAwMH19"
        }
      ]
    },
    {
      "mode": "managed",
      "type": "yandex_vpc_network",
      "name": "vpc",
      "provider": "provider[\"registry.terraform.io/yandex-cloud/yandex\"]",
      "instances": [
        {
          "schema_version": 0,
          "attributes": {
            "created_at": "2025-04-18T19:12:36Z",
            "default_security_group_id": "enpsib2r0n2femp872fk",
            "description": "",
            "folder_id": "b1gmcfm3lo99laoohqlp",
            "id": "enpl3rrn103fs5bi9l9c",
            "labels": {},
            "name": "coursework-vpc-network",
            "subnet_ids": [],
            "timeouts": null
          },
          "sensitive_attributes": [],
          "private": "eyJlMmJmYjczMC1lY2FhLTExZTYtOGY4OC0zNDM2M2JjN2M0YzAiOnsiY3JlYXRlIjo2MDAwMDAwMDAwMCwiZGVsZXRlIjo2MDAwMDAwMDAwMCwidXBkYXRlIjo2MDAwMDAwMDAwMH19"
        }
      ]
    },
    {
      "mode": "managed",
      "type": "yandex_vpc_route_table",
      "name": "vpc_route",
      "provider": "provider[\"registry.terraform.io/yandex-cloud/yandex\"]",
      "instances": [
        {
          "schema_version": 0,
          "attributes": {
            "created_at": "2025-04-18T19:12:39Z",
            "description": "",
            "folder_id": "b1gmcfm3lo99laoohqlp",
            "id": "enp5b25so8h2gpememr0",
            "labels": {},
            "name": "vpc_route",
            "network_id": "enpl3rrn103fs5bi9l9c",
            "static_route": [
              {
                "destination_prefix": "0.0.0.0/0",
                "gateway_id": "enpkq1k2na795emvboog",
                "next_hop_address": ""
              }
            ],
            "timeouts": null
          },
          "sensitive_attributes": [],
          "private": "eyJlMmJmYjczMC1lY2FhLTExZTYtOGY4OC0zNDM2M2JjN2M0YzAiOnsiY3JlYXRlIjoxODAwMDAwMDAwMDAsImRlbGV0ZSI6MTgwMDAwMDAwMDAwLCJ1cGRhdGUiOjE4MDAwMDAwMDAwMH19",
          "dependencies": [
            "yandex_vpc_gateway.cw-private-gateway",
            "yandex_vpc_network.vpc"
          ]
        }
      ]
    },
    {
      "mode": "managed",
      "type": "yandex_vpc_security_group",
      "name": "webservers",
      "provider": "provider[\"registry.terraform.io/yandex-cloud/yandex\"]",
      "instances": [
        {
          "schema_version": 0,
          "attributes": {
            "created_at": "2025-04-18T19:12:41Z",
            "description": "Webservers security group",
            "egress": [],
            "folder_id": "b1gmcfm3lo99laoohqlp",
            "id": "enpabrhrb9410tkvmtdl",
            "ingress": [],
            "labels": {},
            "name": "webservers",
            "network_id": "enpl3rrn103fs5bi9l9c",
            "status": "ACTIVE",
            "timeouts": null
          },
          "sensitive_attributes": [],
          "private": "eyJlMmJmYjczMC1lY2FhLTExZTYtOGY4OC0zNDM2M2JjN2M0YzAiOnsiY3JlYXRlIjoxODAwMDAwMDAwMDAsImRlbGV0ZSI6MTgwMDAwMDAwMDAwLCJ1cGRhdGUiOjE4MDAwMDAwMDAwMH19",
          "dependencies": [
            "yandex_vpc_network.vpc"
          ]
        }
      ]
    },
    {
      "mode": "managed",
      "type": "yandex_vpc_subnet",
      "name": "private-web-a",
      "provider": "provider[\"registry.terraform.io/yandex-cloud/yandex\"]",
      "instances": [
        {
          "schema_version": 0,
          "attributes": {
            "created_at": "2025-04-18T19:12:40Z",
            "description": "",
            "dhcp_options": [],
            "folder_id": "b1gmcfm3lo99laoohqlp",
            "id": "e9b4das7diguc3rbpbvb",
            "labels": {},
            "name": "private-web-a",
            "network_id": "enpl3rrn103fs5bi9l9c",
            "route_table_id": "enp5b25so8h2gpememr0",
            "timeouts": null,
            "v4_cidr_blocks": [
              "192.168.1.0/24"
            ],
            "v6_cidr_blocks": [],
            "zone": "ru-central1-a"
          },
          "sensitive_attributes": [],
          "private": "eyJlMmJmYjczMC1lY2FhLTExZTYtOGY4OC0zNDM2M2JjN2M0YzAiOnsiY3JlYXRlIjoxODAwMDAwMDAwMDAsImRlbGV0ZSI6MTgwMDAwMDAwMDAwLCJ1cGRhdGUiOjE4MDAwMDAwMDAwMH19",
          "dependencies": [
            "yandex_vpc_gateway.cw-private-gateway",
            "yandex_vpc_network.vpc",
            "yandex_vpc_route_table.vpc_route"
          ]
        }
      ]
    },
    {
      "mode": "managed",
      "type": "yandex_vpc_subnet",
      "name": "private-web-b",
      "provider": "provider[\"registry.terraform.io/yandex-cloud/yandex\"]",
      "instances": [
        {
          "schema_version": 0,
          "attributes": {
            "created_at": "2025-04-18T19:12:41Z",
            "description": "",
            "dhcp_options": [],
            "folder_id": "b1gmcfm3lo99laoohqlp",
            "id": "e2l24khlmm3rbluihvtg",
            "labels": {},
            "name": "private-web-b",
            "network_id": "enpl3rrn103fs5bi9l9c",
            "route_table_id": "enp5b25so8h2gpememr0",
            "timeouts": null,
            "v4_cidr_blocks": [
              "192.168.2.0/24"
            ],
            "v6_cidr_blocks": [],
            "zone": "ru-central1-b"
          },
          "sensitive_attributes": [],
          "private": "eyJlMmJmYjczMC1lY2FhLTExZTYtOGY4OC0zNDM2M2JjN2M0YzAiOnsiY3JlYXRlIjoxODAwMDAwMDAwMDAsImRlbGV0ZSI6MTgwMDAwMDAwMDAwLCJ1cGRhdGUiOjE4MDAwMDAwMDAwMH19",
          "dependencies": [
            "yandex_vpc_gateway.cw-private-gateway",
            "yandex_vpc_network.vpc",
            "yandex_vpc_route_table.vpc_route"
          ]
        }
      ]
    },
    {
      "mode": "managed",
      "type": "yandex_vpc_subnet",
      "name": "private-web-c",
      "provider": "provider[\"registry.terraform.io/yandex-cloud/yandex\"]",
      "instances": [
        {
          "schema_version": 0,
          "attributes": {
            "created_at": "2025-04-18T19:12:39Z",
            "description": "",
            "dhcp_options": [],
            "folder_id": "b1gmcfm3lo99laoohqlp",
            "id": "fl8v4h2o8s3n4o7s6bti",
            "labels": {},
            "name": "private-web-d",
            "network_id": "enpl3rrn103fs5bi9l9c",
            "route_table_id": "enp5b25so8h2gpememr0",
            "timeouts": null,
            "v4_cidr_blocks": [
              "192.168.3.0/24"
            ],
            "v6_cidr_blocks": [],
            "zone": "ru-central1-d"
          },
          "sensitive_attributes": [],
          "private": "eyJlMmJmYjczMC1lY2FhLTExZTYtOGY4OC0zNDM2M2JjN2M0YzAiOnsiY3JlYXRlIjoxODAwMDAwMDAwMDAsImRlbGV0ZSI6MTgwMDAwMDAwMDAwLCJ1cGRhdGUiOjE4MDAwMDAwMDAwMH19",
          "dependencies": [
            "yandex_vpc_gateway.cw-private-gateway",
            "yandex_vpc_network.vpc",
            "yandex_vpc_route_table.vpc_route"
          ]
        }
      ]
    }
  ],
  "check_results": null
}
