{
  "version": 4,
  "terraform_version": "1.11.4",
  "serial": 436,
  "lineage": "6f8e4136-3bd7-3340-0c8f-dd55fffe5c02",
  "outputs": {
    "bastion_external_ips": {
      "value": "51.250.98.32",
      "type": "string"
    },
    "external_instances_ip": {
      "value": {
        "bastion": "51.250.98.32",
        "grafana": "http://51.250.96.156:3000",
        "kibana": "http://84.201.139.210:5601",
        "load_balancer": "https://158.160.137.149",
        "load_balancer_dns": "https://netology-web.duckdns.org/"
      },
      "type": [
        "object",
        {
          "bastion": "string",
          "grafana": "string",
          "kibana": "string",
          "load_balancer": "string",
          "load_balancer_dns": "string"
        }
      ]
    },
    "external_ip_address_app": {
      "value": "158.160.137.149",
      "type": "string"
    },
    "internal_instances_ips": {
      "value": {
        "elasticsearch": "192.168.4.3",
        "grafana": "192.168.10.35",
        "kibana": "192.168.10.34",
        "prometheus": "192.168.4.25",
        "webservers": [
          "192.168.1.22",
          "192.168.2.12",
          "192.168.2.18"
        ]
      },
      "type": [
        "object",
        {
          "elasticsearch": "string",
          "grafana": "string",
          "kibana": "string",
          "prometheus": "string",
          "webservers": [
            "list",
            "string"
          ]
        }
      ]
    },
    "pg_cluster_id": {
      "value": "c9qd2r3t3g245ovled85",
      "type": "string"
    }
  },
  "resources": [
    {
      "mode": "data",
      "type": "yandex_compute_image",
      "name": "base",
      "provider": "provider[\"registry.terraform.io/yandex-cloud/yandex\"]",
      "instances": [
        {
          "schema_version": 0,
          "attributes": {
            "created_at": "2025-04-14T11:06:14Z",
            "description": "debian 11",
            "family": "debian-11",
            "folder_id": "standard-images",
            "hardware_generation": [
              {
                "generation2_features": [],
                "legacy_features": [
                  {
                    "pci_topology": "PCI_TOPOLOGY_V1"
                  }
                ]
              }
            ],
            "id": "fd871q5cjll8q49iqhub",
            "image_id": "fd871q5cjll8q49iqhub",
            "kms_key_id": null,
            "labels": {},
            "min_disk_size": 3,
            "name": "debian-11-v20250414",
            "os_type": "linux",
            "pooled": true,
            "product_ids": [
              "f2e8v6nis7qtnlmm1st7"
            ],
            "size": 2,
            "status": "ready"
          },
          "sensitive_attributes": []
        }
      ]
    },
    {
      "mode": "data",
      "type": "yandex_compute_image",
      "name": "webserver",
      "provider": "provider[\"registry.terraform.io/yandex-cloud/yandex\"]",
      "instances": [
        {
          "schema_version": 0,
          "attributes": {
            "created_at": "2025-04-14T11:05:42Z",
            "description": "LEMP",
            "family": "lemp",
            "folder_id": "standard-images",
            "hardware_generation": [
              {
                "generation2_features": [],
                "legacy_features": [
                  {
                    "pci_topology": "PCI_TOPOLOGY_V1"
                  }
                ]
              }
            ],
            "id": "fd8gbeo6g33s54fdfcvh",
            "image_id": "fd8gbeo6g33s54fdfcvh",
            "kms_key_id": null,
            "labels": {},
            "min_disk_size": 3,
            "name": "lemp-v20250414",
            "os_type": "linux",
            "pooled": true,
            "product_ids": [
              "f2e5mbnhahkff0giqt3j",
              "f2elr5f8r01hlf85rrpf"
            ],
            "size": 2,
            "status": "ready"
          },
          "sensitive_attributes": []
        }
      ]
    },
    {
      "mode": "data",
      "type": "yandex_compute_instance",
      "name": "ig_instances",
      "provider": "provider[\"registry.terraform.io/yandex-cloud/yandex\"]",
      "instances": [
        {
          "index_key": "epdm4sr2qn1d61ngidks",
          "schema_version": 0,
          "attributes": {
            "boot_disk": [
              {
                "auto_delete": true,
                "device_name": "epdmv7kdpkfjd2nvnaq0",
                "disk_id": "epdmv7kdpkfjd2nvnaq0",
                "initialize_params": [
                  {
                    "block_size": 4096,
                    "description": "",
                    "image_id": "fd8gbeo6g33s54fdfcvh",
                    "kms_key_id": "",
                    "name": "",
                    "size": 20,
                    "snapshot_id": "",
                    "type": "network-hdd"
                  }
                ],
                "mode": "READ_WRITE"
              }
            ],
            "created_at": "2025-04-18T19:12:46Z",
            "description": "",
            "filesystem": [],
            "folder_id": "b1gmcfm3lo99laoohqlp",
            "fqdn": "webserver-agiv.ru-central1.internal",
            "gpu_cluster_id": "",
            "hardware_generation": [
              {
                "generation2_features": [],
                "legacy_features": [
                  {
                    "pci_topology": "PCI_TOPOLOGY_V1"
                  }
                ]
              }
            ],
            "id": "epdm4sr2qn1d61ngidks",
            "instance_id": "epdm4sr2qn1d61ngidks",
            "labels": {},
            "local_disk": [],
            "maintenance_grace_period": "",
            "maintenance_policy": null,
            "metadata": {
              "user-data": "#cloud-config\ndisable_root: true\ntimezone: Moscow\nrepo_update: true\nrepo_upgrade: true\napt:\n  preserve_sources_list: true\n\n#packages:\n#  - python3\n#  - python3-pip\n#\n#runcmd:\n#  - [ sysctl, -w, vm.max_map_count=262144 ]\n\nusers:\n - name: ansible\n   groups: sudo\n   shell: /bin/bash\n   sudo: ['ALL=(ALL) NOPASSWD:ALL']\n   ssh-authorized-keys:\n     - ssh-ed25519 AAAAC3NzaC1lZDI1NTE5AAAAIKtRGiRY8xgoaoRgFAP2zbn73GfBX7xkGZSTaLodiJDk andr-mozha@yandex.ru\n"
            },
            "metadata_options": [
              {
                "aws_v1_http_endpoint": 1,
                "aws_v1_http_token": 2,
                "gce_http_endpoint": 1,
                "gce_http_token": 1
              }
            ],
            "name": "webserver-agiv",
            "network_acceleration_type": "standard",
            "network_interface": [
              {
                "dns_record": [],
                "index": 0,
                "ip_address": "192.168.2.12",
                "ipv4": true,
                "ipv6": false,
                "ipv6_address": "",
                "ipv6_dns_record": [],
                "mac_address": "d0:0d:16:27:36:2d",
                "nat": false,
                "nat_dns_record": [],
                "nat_ip_address": "",
                "nat_ip_version": "",
                "security_group_ids": [
                  "enpabrhrb9410tkvmtdl"
                ],
                "subnet_id": "e2l24khlmm3rbluihvtg"
              }
            ],
            "placement_policy": [
              {
                "host_affinity_rules": [],
                "placement_group_id": "",
                "placement_group_partition": 0
              }
            ],
            "platform_id": "standard-v3",
            "resources": [
              {
                "core_fraction": 20,
                "cores": 2,
                "gpus": 0,
                "memory": 1
              }
            ],
            "scheduling_policy": [
              {
                "preemptible": false
              }
            ],
            "secondary_disk": [],
            "service_account_id": "aje2a2l0fn8o4kioko4t",
            "status": "running",
            "zone": "ru-central1-b"
          },
          "sensitive_attributes": []
        },
        {
          "index_key": "epdmti9hpolvtg2kpkg5",
          "schema_version": 0,
          "attributes": {
            "boot_disk": [
              {
                "auto_delete": true,
                "device_name": "epdbalbotppfnl3vvoiq",
                "disk_id": "epdbalbotppfnl3vvoiq",
                "initialize_params": [
                  {
                    "block_size": 4096,
                    "description": "",
                    "image_id": "fd8gbeo6g33s54fdfcvh",
                    "kms_key_id": "",
                    "name": "",
                    "size": 20,
                    "snapshot_id": "",
                    "type": "network-hdd"
                  }
                ],
                "mode": "READ_WRITE"
              }
            ],
            "created_at": "2025-04-18T19:12:46Z",
            "description": "",
            "filesystem": [],
            "folder_id": "b1gmcfm3lo99laoohqlp",
            "fqdn": "webserver-ypak.ru-central1.internal",
            "gpu_cluster_id": "",
            "hardware_generation": [
              {
                "generation2_features": [],
                "legacy_features": [
                  {
                    "pci_topology": "PCI_TOPOLOGY_V1"
                  }
                ]
              }
            ],
            "id": "epdmti9hpolvtg2kpkg5",
            "instance_id": "epdmti9hpolvtg2kpkg5",
            "labels": {},
            "local_disk": [],
            "maintenance_grace_period": "",
            "maintenance_policy": null,
            "metadata": {
              "user-data": "#cloud-config\ndisable_root: true\ntimezone: Moscow\nrepo_update: true\nrepo_upgrade: true\napt:\n  preserve_sources_list: true\n\n#packages:\n#  - python3\n#  - python3-pip\n#\n#runcmd:\n#  - [ sysctl, -w, vm.max_map_count=262144 ]\n\nusers:\n - name: ansible\n   groups: sudo\n   shell: /bin/bash\n   sudo: ['ALL=(ALL) NOPASSWD:ALL']\n   ssh-authorized-keys:\n     - ssh-ed25519 AAAAC3NzaC1lZDI1NTE5AAAAIKtRGiRY8xgoaoRgFAP2zbn73GfBX7xkGZSTaLodiJDk andr-mozha@yandex.ru\n"
            },
            "metadata_options": [
              {
                "aws_v1_http_endpoint": 1,
                "aws_v1_http_token": 2,
                "gce_http_endpoint": 1,
                "gce_http_token": 1
              }
            ],
            "name": "webserver-ypak",
            "network_acceleration_type": "standard",
            "network_interface": [
              {
                "dns_record": [],
                "index": 0,
                "ip_address": "192.168.2.18",
                "ipv4": true,
                "ipv6": false,
                "ipv6_address": "",
                "ipv6_dns_record": [],
                "mac_address": "d0:0d:16:ec:93:1c",
                "nat": false,
                "nat_dns_record": [],
                "nat_ip_address": "",
                "nat_ip_version": "",
                "security_group_ids": [
                  "enpabrhrb9410tkvmtdl"
                ],
                "subnet_id": "e2l24khlmm3rbluihvtg"
              }
            ],
            "placement_policy": [
              {
                "host_affinity_rules": [],
                "placement_group_id": "",
                "placement_group_partition": 0
              }
            ],
            "platform_id": "standard-v3",
            "resources": [
              {
                "core_fraction": 20,
                "cores": 2,
                "gpus": 0,
                "memory": 1
              }
            ],
            "scheduling_policy": [
              {
                "preemptible": false
              }
            ],
            "secondary_disk": [],
            "service_account_id": "aje2a2l0fn8o4kioko4t",
            "status": "running",
            "zone": "ru-central1-b"
          },
          "sensitive_attributes": []
        },
        {
          "index_key": "fhmj8mckpua81154ude0",
          "schema_version": 0,
          "attributes": {
            "boot_disk": [
              {
                "auto_delete": true,
                "device_name": "fhmo7gj33bqmlro4fsn7",
                "disk_id": "fhmo7gj33bqmlro4fsn7",
                "initialize_params": [
                  {
                    "block_size": 4096,
                    "description": "",
                    "image_id": "fd8gbeo6g33s54fdfcvh",
                    "kms_key_id": "",
                    "name": "",
                    "size": 20,
                    "snapshot_id": "",
                    "type": "network-hdd"
                  }
                ],
                "mode": "READ_WRITE"
              }
            ],
            "created_at": "2025-04-18T19:12:46Z",
            "description": "",
            "filesystem": [],
            "folder_id": "b1gmcfm3lo99laoohqlp",
            "fqdn": "webserver-oqez.ru-central1.internal",
            "gpu_cluster_id": "",
            "hardware_generation": [
              {
                "generation2_features": [],
                "legacy_features": [
                  {
                    "pci_topology": "PCI_TOPOLOGY_V1"
                  }
                ]
              }
            ],
            "id": "fhmj8mckpua81154ude0",
            "instance_id": "fhmj8mckpua81154ude0",
            "labels": {},
            "local_disk": [],
            "maintenance_grace_period": "",
            "maintenance_policy": null,
            "metadata": {
              "user-data": "#cloud-config\ndisable_root: true\ntimezone: Moscow\nrepo_update: true\nrepo_upgrade: true\napt:\n  preserve_sources_list: true\n\n#packages:\n#  - python3\n#  - python3-pip\n#\n#runcmd:\n#  - [ sysctl, -w, vm.max_map_count=262144 ]\n\nusers:\n - name: ansible\n   groups: sudo\n   shell: /bin/bash\n   sudo: ['ALL=(ALL) NOPASSWD:ALL']\n   ssh-authorized-keys:\n     - ssh-ed25519 AAAAC3NzaC1lZDI1NTE5AAAAIKtRGiRY8xgoaoRgFAP2zbn73GfBX7xkGZSTaLodiJDk andr-mozha@yandex.ru\n"
            },
            "metadata_options": [
              {
                "aws_v1_http_endpoint": 1,
                "aws_v1_http_token": 2,
                "gce_http_endpoint": 1,
                "gce_http_token": 1
              }
            ],
            "name": "webserver-oqez",
            "network_acceleration_type": "standard",
            "network_interface": [
              {
                "dns_record": [],
                "index": 0,
                "ip_address": "192.168.1.22",
                "ipv4": true,
                "ipv6": false,
                "ipv6_address": "",
                "ipv6_dns_record": [],
                "mac_address": "d0:0d:13:45:99:4c",
                "nat": false,
                "nat_dns_record": [],
                "nat_ip_address": "",
                "nat_ip_version": "",
                "security_group_ids": [
                  "enpabrhrb9410tkvmtdl"
                ],
                "subnet_id": "e9b4das7diguc3rbpbvb"
              }
            ],
            "placement_policy": [
              {
                "host_affinity_rules": [],
                "placement_group_id": "",
                "placement_group_partition": 0
              }
            ],
            "platform_id": "standard-v3",
            "resources": [
              {
                "core_fraction": 20,
                "cores": 2,
                "gpus": 0,
                "memory": 1
              }
            ],
            "scheduling_policy": [
              {
                "preemptible": false
              }
            ],
            "secondary_disk": [],
            "service_account_id": "aje2a2l0fn8o4kioko4t",
            "status": "running",
            "zone": "ru-central1-a"
          },
          "sensitive_attributes": []
        }
      ]
    },
    {
      "mode": "managed",
      "type": "local_file",
      "name": "inventory",
      "provider": "provider[\"registry.terraform.io/hashicorp/local\"]",
      "instances": [
        {
          "schema_version": 0,
          "attributes": {
            "content": "all:\n  children:\n\n    jump:\n      hosts:\n        bastion:\n          ansible_host: 51.250.98.32\n      vars:\n        ansible_ssh_common_args: '-o StrictHostKeyChecking=no'\n        ansible_host_key_checking: false\n\n    webservers:\n      hosts:\n        webserver-oqez:\n          ansible_host: 192.168.1.22\n        webserver-agiv:\n          ansible_host: 192.168.2.12\n        webserver-ypak:\n          ansible_host: 192.168.2.18\n\n    observability:\n      hosts:\n        prometheus:\n          ansible_host: 192.168.4.25\n        grafana:\n          ansible_host: 192.168.10.35\n        elastic:\n          ansible_host: 192.168.4.3\n        kibana:\n          ansible_host: 192.168.10.34\n  vars:\n    ansible_ssh_common_args: '-J ansible@51.250.98.32 -o StrictHostKeyChecking=no'\n    ansible_host_key_checking: false\n    ansible_user: ansible\n    ansible_become: true\n",
            "content_base64": null,
            "content_base64sha256": "bvlSsTGFyjVyHBgE2q+C/BuyFD1z/Dk+EMACBGaiOTY=",
            "content_base64sha512": "WQpvBQfxVt4eLBavTiBXUhZgbuy6CyGsHIR01p2FRxxyWOWGNwXVdsx0bXqWtRYuLKkFwQZY1BUk8mQua3XQPQ==",
            "content_md5": "542b8e704c61d9aba347dcabb099c3b6",
            "content_sha1": "bd323c279f2dbb8bae5ff6987e621322889835bf",
            "content_sha256": "6ef952b13185ca35721c1804daaf82fc1bb2143d73fc393e10c0020466a23936",
            "content_sha512": "590a6f0507f156de1e2c16af4e20575216606eecba0b21ac1c8474d69d85471c7258e5863705d576cc746d7a96b5162e2ca905c10658d41524f2642e6b75d03d",
            "directory_permission": "0777",
            "file_permission": "0777",
            "filename": "../ansible/inventory.yaml",
            "id": "bd323c279f2dbb8bae5ff6987e621322889835bf",
            "sensitive_content": null,
            "source": null
          },
          "sensitive_attributes": [
            [
              {
                "type": "get_attr",
                "value": "sensitive_content"
              }
            ]
          ],
          "dependencies": [
            "data.yandex_compute_image.base",
            "data.yandex_compute_image.webserver",
            "yandex_compute_instance.bastion",
            "yandex_compute_instance.elastic",
            "yandex_compute_instance.grafana",
            "yandex_compute_instance.kibana",
            "yandex_compute_instance.prometheus",
            "yandex_compute_instance_group.web-netology",
            "yandex_iam_service_account.dude",
            "yandex_resourcemanager_folder_iam_binding.editor",
            "yandex_vpc_gateway.cw-private-gateway",
            "yandex_vpc_network.vpc",
            "yandex_vpc_route_table.vpc_route",
            "yandex_vpc_security_group.bastion",
            "yandex_vpc_security_group.elasticsearch",
            "yandex_vpc_security_group.grafana",
            "yandex_vpc_security_group.kibana",
            "yandex_vpc_security_group.prometheus",
            "yandex_vpc_security_group.webservers",
            "yandex_vpc_subnet.bastion",
            "yandex_vpc_subnet.private-observability",
            "yandex_vpc_subnet.private-web-a",
            "yandex_vpc_subnet.private-web-b",
            "yandex_vpc_subnet.private-web-c",
            "yandex_vpc_subnet.public"
          ]
        }
      ]
    },
    {
      "mode": "managed",
      "type": "local_file",
      "name": "tf_ansible_vars_file",
      "provider": "provider[\"registry.terraform.io/hashicorp/local\"]",
      "instances": [
        {
          "schema_version": 0,
          "attributes": {
            "content": "pg_cluster_id: c9qd2r3t3g245ovled85\npg_admin_password: securepgpassword\nwebserver_node_1: webserver-oqez\nwebserver_node_2: webserver-agiv\nwebserver_node_3: webserver-ypak\nkibana_password: securekibanapass\nansible_workdir: ../ansible\ntelegram_bot_token: none\ntelegram_chat_id: \"none\"\n",
            "content_base64": null,
            "content_base64sha256": "4iuDZ83Z3CxV98/ev9eBAOFtxvN+/cUYB/LZDmJOXbE=",
            "content_base64sha512": "BCX58+CZe5FtqSBZI1vhjtmOKd6ZRj3DoGmWmHanY5Y0FjizEPBYd11PHwP/ulpehRrWXeC3Xg3NDpkcWFw4lw==",
            "content_md5": "f89e4c09e351ec7ed9aa55d014434184",
            "content_sha1": "36644438939971cfaeaefc2a10e72886c74010f8",
            "content_sha256": "e22b8367cdd9dc2c55f7cfdebfd78100e16dc6f37efdc51807f2d90e624e5db1",
            "content_sha512": "0425f9f3e0997b916da92059235be18ed98e29de99463dc3a069969876a76396341638b310f058775d4f1f03ffba5a5e851ad65de0b75e0dcd0e991c585c3897",
            "directory_permission": "0777",
            "file_permission": "0777",
            "filename": "../ansible/vars/terraform_vars.yml",
            "id": "36644438939971cfaeaefc2a10e72886c74010f8",
            "sensitive_content": null,
            "source": null
          },
          "sensitive_attributes": [
            [
              {
                "type": "get_attr",
                "value": "sensitive_content"
              }
            ]
          ],
          "dependencies": [
            "data.yandex_compute_image.webserver",
            "yandex_compute_instance_group.web-netology",
            "yandex_iam_service_account.dude",
            "yandex_mdb_postgresql_cluster.postgres",
            "yandex_resourcemanager_folder_iam_binding.editor",
            "yandex_vpc_gateway.cw-private-gateway",
            "yandex_vpc_network.vpc",
            "yandex_vpc_route_table.vpc_route",
            "yandex_vpc_security_group.postgres",
            "yandex_vpc_security_group.webservers",
            "yandex_vpc_subnet.private-db-a",
            "yandex_vpc_subnet.private-db-b",
            "yandex_vpc_subnet.private-web-a",
            "yandex_vpc_subnet.private-web-b",
            "yandex_vpc_subnet.private-web-c"
          ]
        }
      ]
    },
    {
      "mode": "managed",
      "type": "yandex_alb_backend_group",
      "name": "cw-netology",
      "provider": "provider[\"registry.terraform.io/yandex-cloud/yandex\"]",
      "instances": [
        {
          "schema_version": 0,
          "attributes": {
            "created_at": "2025-04-18T19:14:41Z",
            "description": "",
            "folder_id": "b1gmcfm3lo99laoohqlp",
            "grpc_backend": [],
            "http_backend": [
              {
                "healthcheck": [
                  {
                    "grpc_healthcheck": [],
                    "healthcheck_port": 80,
                    "healthy_threshold": 0,
                    "http_healthcheck": [
                      {
                        "expected_statuses": null,
                        "host": "",
                        "http2": false,
                        "path": "/"
                      }
                    ],
                    "interval": "2s",
                    "interval_jitter_percent": 0,
                    "stream_healthcheck": [],
                    "timeout": "2s",
                    "unhealthy_threshold": 0
                  }
                ],
                "http2": false,
                "load_balancing_config": [
                  {
                    "locality_aware_routing_percent": 0,
                    "mode": "ROUND_ROBIN",
                    "panic_threshold": 5,
                    "strict_locality": false
                  }
                ],
                "name": "web-backend",
                "port": 80,
                "storage_bucket": "",
                "target_group_ids": [
                  "ds75lt36st3js05hbrmf"
                ],
                "tls": [],
                "weight": 1
              }
            ],
            "id": "ds7q4fnvjeei5v4t15hj",
            "labels": null,
            "name": "cw-netology",
            "session_affinity": [],
            "stream_backend": [],
            "timeouts": null
          },
          "sensitive_attributes": [],
          "private": "eyJlMmJmYjczMC1lY2FhLTExZTYtOGY4OC0zNDM2M2JjN2M0YzAiOnsiY3JlYXRlIjozMDAwMDAwMDAwMDAsImRlbGV0ZSI6MzAwMDAwMDAwMDAwLCJ1cGRhdGUiOjMwMDAwMDAwMDAwMH19",
          "dependencies": [
            "data.yandex_compute_image.webserver",
            "yandex_compute_instance_group.web-netology",
            "yandex_iam_service_account.dude",
            "yandex_resourcemanager_folder_iam_binding.editor",
            "yandex_vpc_gateway.cw-private-gateway",
            "yandex_vpc_network.vpc",
            "yandex_vpc_route_table.vpc_route",
            "yandex_vpc_security_group.webservers",
            "yandex_vpc_subnet.private-web-a",
            "yandex_vpc_subnet.private-web-b",
            "yandex_vpc_subnet.private-web-c"
          ]
        }
      ]
    },
    {
      "mode": "managed",
      "type": "yandex_alb_http_router",
      "name": "cw-netology",
      "provider": "provider[\"registry.terraform.io/yandex-cloud/yandex\"]",
      "instances": [
        {
          "schema_version": 0,
          "attributes": {
            "created_at": "2025-04-18T19:14:37Z",
            "description": "",
            "folder_id": "b1gmcfm3lo99laoohqlp",
            "id": "ds7s2ipiil2b2gji0hct",
            "labels": null,
            "name": "cw-netology",
            "route_options": [],
            "timeouts": null
          },
          "sensitive_attributes": [],
          "private": "eyJlMmJmYjczMC1lY2FhLTExZTYtOGY4OC0zNDM2M2JjN2M0YzAiOnsiY3JlYXRlIjozMDAwMDAwMDAwMDAsImRlbGV0ZSI6MzAwMDAwMDAwMDAwLCJ1cGRhdGUiOjMwMDAwMDAwMDAwMH19"
        }
      ]
    },
    {
      "mode": "managed",
      "type": "yandex_alb_load_balancer",
      "name": "cw-netology",
      "provider": "provider[\"registry.terraform.io/yandex-cloud/yandex\"]",
      "instances": [
        {
          "schema_version": 0,
          "attributes": {
            "allocation_policy": [
              {
                "location": [
                  {
                    "disable_traffic": false,
                    "subnet_id": "e2l24khlmm3rbluihvtg",
                    "zone_id": "ru-central1-b"
                  },
                  {
                    "disable_traffic": false,
                    "subnet_id": "e9b4das7diguc3rbpbvb",
                    "zone_id": "ru-central1-a"
                  },
                  {
                    "disable_traffic": false,
                    "subnet_id": "fl8v4h2o8s3n4o7s6bti",
                    "zone_id": "ru-central1-d"
                  }
                ]
              }
            ],
            "created_at": "2025-04-18T19:14:49Z",
            "description": "",
            "folder_id": "b1gmcfm3lo99laoohqlp",
            "id": "ds74ni4d5agjijv6acn3",
            "labels": null,
            "listener": [
              {
                "endpoint": [
                  {
                    "address": [
                      {
                        "external_ipv4_address": [
                          {
                            "address": "158.160.137.149"
                          }
                        ],
                        "external_ipv6_address": [],
                        "internal_ipv4_address": []
                      }
                    ],
                    "ports": [
                      80
                    ]
                  }
                ],
                "http": [
                  {
                    "handler": [
                      {
                        "allow_http10": false,
                        "http2_options": [],
                        "http_router_id": "ds7s2ipiil2b2gji0hct",
                        "rewrite_request_id": false
                      }
                    ],
                    "redirects": []
                  }
                ],
                "name": "alb-http-listener",
                "stream": [],
                "tls": []
              }
            ],
            "log_group_id": "",
            "log_options": [],
            "name": "cw-netology",
            "network_id": "enpl3rrn103fs5bi9l9c",
            "region_id": "",
            "security_group_ids": [
              "enp2ee8ijtlikev0975q"
            ],
            "status": "active",
            "timeouts": null
          },
          "sensitive_attributes": [],
          "private": "eyJlMmJmYjczMC1lY2FhLTExZTYtOGY4OC0zNDM2M2JjN2M0YzAiOnsiY3JlYXRlIjo2MDAwMDAwMDAwMDAsImRlbGV0ZSI6NjAwMDAwMDAwMDAwLCJ1cGRhdGUiOjYwMDAwMDAwMDAwMH19",
          "dependencies": [
            "yandex_alb_http_router.cw-netology",
            "yandex_vpc_gateway.cw-private-gateway",
            "yandex_vpc_network.vpc",
            "yandex_vpc_route_table.vpc_route",
            "yandex_vpc_security_group.load-balancer",
            "yandex_vpc_security_group_rule.lb-access",
            "yandex_vpc_security_group_rule.lb-healthchecks",
            "yandex_vpc_subnet.private-web-a",
            "yandex_vpc_subnet.private-web-b",
            "yandex_vpc_subnet.private-web-c"
          ]
        }
      ]
    },
    {
      "mode": "managed",
      "type": "yandex_alb_virtual_host",
      "name": "cw-netology",
      "provider": "provider[\"registry.terraform.io/yandex-cloud/yandex\"]",
      "instances": [
        {
          "schema_version": 0,
          "attributes": {
            "authority": null,
            "http_router_id": "ds7s2ipiil2b2gji0hct",
            "id": "ds7s2ipiil2b2gji0hct/cw-netology",
            "modify_request_headers": [],
            "modify_response_headers": [],
            "name": "cw-netology",
            "rate_limit": [],
            "route": [
              {
                "grpc_route": [],
                "http_route": [
                  {
                    "direct_response_action": [],
                    "http_match": [],
                    "http_route_action": [
                      {
                        "auto_host_rewrite": false,
                        "backend_group_id": "ds7q4fnvjeei5v4t15hj",
                        "host_rewrite": "",
                        "idle_timeout": "",
                        "prefix_rewrite": "",
                        "rate_limit": [],
                        "timeout": "3s",
                        "upgrade_types": null
                      }
                    ],
                    "redirect_action": []
                  }
                ],
                "name": "route-to-web",
                "route_options": []
              }
            ],
            "route_options": [],
            "timeouts": null
          },
          "sensitive_attributes": [],
          "private": "eyJlMmJmYjczMC1lY2FhLTExZTYtOGY4OC0zNDM2M2JjN2M0YzAiOnsiY3JlYXRlIjozMDAwMDAwMDAwMDAsImRlbGV0ZSI6MzAwMDAwMDAwMDAwLCJ1cGRhdGUiOjMwMDAwMDAwMDAwMH19",
          "dependencies": [
            "data.yandex_compute_image.webserver",
            "yandex_alb_backend_group.cw-netology",
            "yandex_alb_http_router.cw-netology",
            "yandex_compute_instance_group.web-netology",
            "yandex_iam_service_account.dude",
            "yandex_resourcemanager_folder_iam_binding.editor",
            "yandex_vpc_gateway.cw-private-gateway",
            "yandex_vpc_network.vpc",
            "yandex_vpc_route_table.vpc_route",
            "yandex_vpc_security_group.webservers",
            "yandex_vpc_subnet.private-web-a",
            "yandex_vpc_subnet.private-web-b",
            "yandex_vpc_subnet.private-web-c"
          ]
        }
      ]
    },
    {
      "mode": "managed",
      "type": "yandex_compute_instance",
      "name": "bastion",
      "provider": "provider[\"registry.terraform.io/yandex-cloud/yandex\"]",
      "instances": [
        {
          "schema_version": 1,
          "attributes": {
            "allow_recreate": null,
            "allow_stopping_for_update": null,
            "boot_disk": [
              {
                "auto_delete": true,
                "device_name": "epd3vpks4vmrij7i8iac",
                "disk_id": "epd3vpks4vmrij7i8iac",
                "initialize_params": [
                  {
                    "block_size": 4096,
                    "description": "",
                    "image_id": "fd871q5cjll8q49iqhub",
                    "kms_key_id": "",
                    "name": "",
                    "size": 10,
                    "snapshot_id": "",
                    "type": "network-hdd"
                  }
                ],
                "mode": "READ_WRITE"
              }
            ],
            "created_at": "2025-04-18T19:14:41Z",
            "description": "bastion",
            "filesystem": [],
            "folder_id": "b1gmcfm3lo99laoohqlp",
            "fqdn": "bastion.ru-central1.internal",
            "gpu_cluster_id": "",
            "hardware_generation": [
              {
                "generation2_features": [],
                "legacy_features": [
                  {
                    "pci_topology": "PCI_TOPOLOGY_V1"
                  }
                ]
              }
            ],
            "hostname": "bastion",
            "id": "epdulfjfgs37a4l3jlih",
            "labels": null,
            "local_disk": [],
            "maintenance_grace_period": "",
            "maintenance_policy": null,
            "metadata": {
              "user-data": "#cloud-config\ndisable_root: true\ntimezone: Moscow\nrepo_update: true\nrepo_upgrade: true\napt:\n  preserve_sources_list: true\n\n#packages:\n#  - python3\n#  - python3-pip\n#\n#runcmd:\n#  - [ sysctl, -w, vm.max_map_count=262144 ]\n\nusers:\n - name: ansible\n   groups: sudo\n   shell: /bin/bash\n   sudo: ['ALL=(ALL) NOPASSWD:ALL']\n   ssh-authorized-keys:\n     - ssh-ed25519 AAAAC3NzaC1lZDI1NTE5AAAAIKtRGiRY8xgoaoRgFAP2zbn73GfBX7xkGZSTaLodiJDk andr-mozha@yandex.ru\n"
            },
            "metadata_options": [
              {
                "aws_v1_http_endpoint": 1,
                "aws_v1_http_token": 2,
                "gce_http_endpoint": 1,
                "gce_http_token": 1
              }
            ],
            "name": "bastion",
            "network_acceleration_type": "standard",
            "network_interface": [
              {
                "dns_record": [],
                "index": 0,
                "ip_address": "192.168.99.99",
                "ipv4": true,
                "ipv6": false,
                "ipv6_address": "",
                "ipv6_dns_record": [],
                "mac_address": "d0:0d:1e:ab:e6:f8",
                "nat": true,
                "nat_dns_record": [],
                "nat_ip_address": "51.250.98.32",
                "nat_ip_version": "IPV4",
                "security_group_ids": [
                  "enp1af2lliumm27he22p"
                ],
                "subnet_id": "e2l89dh25bf9mkl48vkt"
              }
            ],
            "placement_policy": [
              {
                "host_affinity_rules": [],
                "placement_group_id": "",
                "placement_group_partition": 0
              }
            ],
            "platform_id": "standard-v3",
            "resources": [
              {
                "core_fraction": 20,
                "cores": 2,
                "gpus": 0,
                "memory": 2
              }
            ],
            "scheduling_policy": [
              {
                "preemptible": false
              }
            ],
            "secondary_disk": [],
            "service_account_id": "aje2a2l0fn8o4kioko4t",
            "status": "running",
            "timeouts": null,
            "zone": "ru-central1-b"
          },
          "sensitive_attributes": [],
          "private": "eyJlMmJmYjczMC1lY2FhLTExZTYtOGY4OC0zNDM2M2JjN2M0YzAiOnsiY3JlYXRlIjozMDAwMDAwMDAwMDAsImRlbGV0ZSI6MzAwMDAwMDAwMDAwLCJ1cGRhdGUiOjMwMDAwMDAwMDAwMH0sInNjaGVtYV92ZXJzaW9uIjoiMSJ9",
          "dependencies": [
            "data.yandex_compute_image.base",
            "yandex_iam_service_account.dude",
            "yandex_vpc_network.vpc",
            "yandex_vpc_security_group.bastion",
            "yandex_vpc_subnet.bastion"
          ]
        }
      ]
    },
    {
      "mode": "managed",
      "type": "yandex_compute_instance",
      "name": "elastic",
      "provider": "provider[\"registry.terraform.io/yandex-cloud/yandex\"]",
      "instances": [
        {
          "schema_version": 1,
          "attributes": {
            "allow_recreate": null,
            "allow_stopping_for_update": null,
            "boot_disk": [
              {
                "auto_delete": true,
                "device_name": "epd6vbf9q6blp4qve5ic",
                "disk_id": "epd6vbf9q6blp4qve5ic",
                "initialize_params": [
                  {
                    "block_size": 4096,
                    "description": "",
                    "image_id": "fd871q5cjll8q49iqhub",
                    "kms_key_id": "",
                    "name": "",
                    "size": 20,
                    "snapshot_id": "",
                    "type": "network-ssd"
                  }
                ],
                "mode": "READ_WRITE"
              }
            ],
            "created_at": "2025-04-18T19:14:42Z",
            "description": "elasticsearch",
            "filesystem": [],
            "folder_id": "b1gmcfm3lo99laoohqlp",
            "fqdn": "elastic.ru-central1.internal",
            "gpu_cluster_id": "",
            "hardware_generation": [
              {
                "generation2_features": [],
                "legacy_features": [
                  {
                    "pci_topology": "PCI_TOPOLOGY_V1"
                  }
                ]
              }
            ],
            "hostname": "elastic",
            "id": "epd5r8ppk4gbkdc1a52g",
            "labels": null,
            "local_disk": [],
            "maintenance_grace_period": "",
            "maintenance_policy": null,
            "metadata": {
              "user-data": "#cloud-config\ndisable_root: true\ntimezone: Moscow\nrepo_update: true\nrepo_upgrade: true\napt:\n  preserve_sources_list: true\n\n#packages:\n#  - python3\n#  - python3-pip\n#\n#runcmd:\n#  - [ sysctl, -w, vm.max_map_count=262144 ]\n\nusers:\n - name: ansible\n   groups: sudo\n   shell: /bin/bash\n   sudo: ['ALL=(ALL) NOPASSWD:ALL']\n   ssh-authorized-keys:\n     - ssh-ed25519 AAAAC3NzaC1lZDI1NTE5AAAAIKtRGiRY8xgoaoRgFAP2zbn73GfBX7xkGZSTaLodiJDk andr-mozha@yandex.ru\n"
            },
            "metadata_options": [
              {
                "aws_v1_http_endpoint": 1,
                "aws_v1_http_token": 2,
                "gce_http_endpoint": 1,
                "gce_http_token": 1
              }
            ],
            "name": "elastic",
            "network_acceleration_type": "standard",
            "network_interface": [
              {
                "dns_record": [],
                "index": 0,
                "ip_address": "192.168.4.3",
                "ipv4": true,
                "ipv6": false,
                "ipv6_address": "",
                "ipv6_dns_record": [],
                "mac_address": "d0:0d:5d:a3:39:a1",
                "nat": false,
                "nat_dns_record": [],
                "nat_ip_address": "",
                "nat_ip_version": "",
                "security_group_ids": [
                  "enp0731jokqbkgn746c1"
                ],
                "subnet_id": "e2ljph631i5baa5aph3r"
              }
            ],
            "placement_policy": [
              {
                "host_affinity_rules": [],
                "placement_group_id": "",
                "placement_group_partition": 0
              }
            ],
            "platform_id": "standard-v3",
            "resources": [
              {
                "core_fraction": 50,
                "cores": 2,
                "gpus": 0,
                "memory": 4
              }
            ],
            "scheduling_policy": [
              {
                "preemptible": false
              }
            ],
            "secondary_disk": [],
            "service_account_id": "aje2a2l0fn8o4kioko4t",
            "status": "running",
            "timeouts": null,
            "zone": "ru-central1-b"
          },
          "sensitive_attributes": [],
          "private": "eyJlMmJmYjczMC1lY2FhLTExZTYtOGY4OC0zNDM2M2JjN2M0YzAiOnsiY3JlYXRlIjozMDAwMDAwMDAwMDAsImRlbGV0ZSI6MzAwMDAwMDAwMDAwLCJ1cGRhdGUiOjMwMDAwMDAwMDAwMH0sInNjaGVtYV92ZXJzaW9uIjoiMSJ9",
          "dependencies": [
            "data.yandex_compute_image.base",
            "yandex_iam_service_account.dude",
            "yandex_vpc_gateway.cw-private-gateway",
            "yandex_vpc_network.vpc",
            "yandex_vpc_route_table.vpc_route",
            "yandex_vpc_security_group.elasticsearch",
            "yandex_vpc_subnet.private-observability"
          ]
        }
      ]
    },
    {
      "mode": "managed",
      "type": "yandex_compute_instance",
      "name": "grafana",
      "provider": "provider[\"registry.terraform.io/yandex-cloud/yandex\"]",
      "instances": [
        {
          "schema_version": 1,
          "attributes": {
            "allow_recreate": null,
            "allow_stopping_for_update": null,
            "boot_disk": [
              {
                "auto_delete": true,
                "device_name": "epdu2nk5vbtd2pnina5u",
                "disk_id": "epdu2nk5vbtd2pnina5u",
                "initialize_params": [
                  {
                    "block_size": 4096,
                    "description": "",
                    "image_id": "fd871q5cjll8q49iqhub",
                    "kms_key_id": "",
                    "name": "",
                    "size": 20,
                    "snapshot_id": "",
                    "type": "network-ssd"
                  }
                ],
                "mode": "READ_WRITE"
              }
            ],
            "created_at": "2025-04-18T19:14:51Z",
            "description": "grafana + alertmanager",
            "filesystem": [],
            "folder_id": "b1gmcfm3lo99laoohqlp",
            "fqdn": "grafana.ru-central1.internal",
            "gpu_cluster_id": "",
            "hardware_generation": [
              {
                "generation2_features": [],
                "legacy_features": [
                  {
                    "pci_topology": "PCI_TOPOLOGY_V1"
                  }
                ]
              }
            ],
            "hostname": "grafana",
            "id": "epd7ec1pkrhguhc59mtu",
            "labels": null,
            "local_disk": [],
            "maintenance_grace_period": "",
            "maintenance_policy": null,
            "metadata": {
              "user-data": "#cloud-config\ndisable_root: true\ntimezone: Moscow\nrepo_update: true\nrepo_upgrade: true\napt:\n  preserve_sources_list: true\n\n#packages:\n#  - python3\n#  - python3-pip\n#\n#runcmd:\n#  - [ sysctl, -w, vm.max_map_count=262144 ]\n\nusers:\n - name: ansible\n   groups: sudo\n   shell: /bin/bash\n   sudo: ['ALL=(ALL) NOPASSWD:ALL']\n   ssh-authorized-keys:\n     - ssh-ed25519 AAAAC3NzaC1lZDI1NTE5AAAAIKtRGiRY8xgoaoRgFAP2zbn73GfBX7xkGZSTaLodiJDk andr-mozha@yandex.ru\n"
            },
            "metadata_options": [
              {
                "aws_v1_http_endpoint": 1,
                "aws_v1_http_token": 2,
                "gce_http_endpoint": 1,
                "gce_http_token": 1
              }
            ],
            "name": "grafana",
            "network_acceleration_type": "standard",
            "network_interface": [
              {
                "dns_record": [],
                "index": 0,
                "ip_address": "192.168.10.35",
                "ipv4": true,
                "ipv6": false,
                "ipv6_address": "",
                "ipv6_dns_record": [],
                "mac_address": "d0:0d:77:30:39:a6",
                "nat": true,
                "nat_dns_record": [],
                "nat_ip_address": "51.250.96.156",
                "nat_ip_version": "IPV4",
                "security_group_ids": [
                  "enpneqhi4o9mand5tg1v"
                ],
                "subnet_id": "e2l3jb5pgu9h6ursul90"
              }
            ],
            "placement_policy": [
              {
                "host_affinity_rules": [],
                "placement_group_id": "",
                "placement_group_partition": 0
              }
            ],
            "platform_id": "standard-v3",
            "resources": [
              {
                "core_fraction": 50,
                "cores": 2,
                "gpus": 0,
                "memory": 4
              }
            ],
            "scheduling_policy": [
              {
                "preemptible": false
              }
            ],
            "secondary_disk": [],
            "service_account_id": "aje2a2l0fn8o4kioko4t",
            "status": "running",
            "timeouts": null,
            "zone": "ru-central1-b"
          },
          "sensitive_attributes": [],
          "private": "eyJlMmJmYjczMC1lY2FhLTExZTYtOGY4OC0zNDM2M2JjN2M0YzAiOnsiY3JlYXRlIjozMDAwMDAwMDAwMDAsImRlbGV0ZSI6MzAwMDAwMDAwMDAwLCJ1cGRhdGUiOjMwMDAwMDAwMDAwMH0sInNjaGVtYV92ZXJzaW9uIjoiMSJ9",
          "dependencies": [
            "data.yandex_compute_image.base",
            "yandex_iam_service_account.dude",
            "yandex_vpc_network.vpc",
            "yandex_vpc_security_group.grafana",
            "yandex_vpc_subnet.public"
          ]
        }
      ]
    },
    {
      "mode": "managed",
      "type": "yandex_compute_instance",
      "name": "kibana",
      "provider": "provider[\"registry.terraform.io/yandex-cloud/yandex\"]",
      "instances": [
        {
          "schema_version": 1,
          "attributes": {
            "allow_recreate": null,
            "allow_stopping_for_update": null,
            "boot_disk": [
              {
                "auto_delete": true,
                "device_name": "epd7tma7ab2tuhhh0jub",
                "disk_id": "epd7tma7ab2tuhhh0jub",
                "initialize_params": [
                  {
                    "block_size": 4096,
                    "description": "",
                    "image_id": "fd871q5cjll8q49iqhub",
                    "kms_key_id": "",
                    "name": "",
                    "size": 20,
                    "snapshot_id": "",
                    "type": "network-ssd"
                  }
                ],
                "mode": "READ_WRITE"
              }
            ],
            "created_at": "2025-04-18T19:14:46Z",
            "description": "kibana",
            "filesystem": [],
            "folder_id": "b1gmcfm3lo99laoohqlp",
            "fqdn": "kibana.ru-central1.internal",
            "gpu_cluster_id": "",
            "hardware_generation": [
              {
                "generation2_features": [],
                "legacy_features": [
                  {
                    "pci_topology": "PCI_TOPOLOGY_V1"
                  }
                ]
              }
            ],
            "hostname": "kibana",
            "id": "epdgbinbql210tterofs",
            "labels": null,
            "local_disk": [],
            "maintenance_grace_period": "",
            "maintenance_policy": null,
            "metadata": {
              "user-data": "#cloud-config\ndisable_root: true\ntimezone: Moscow\nrepo_update: true\nrepo_upgrade: true\napt:\n  preserve_sources_list: true\n\n#packages:\n#  - python3\n#  - python3-pip\n#\n#runcmd:\n#  - [ sysctl, -w, vm.max_map_count=262144 ]\n\nusers:\n - name: ansible\n   groups: sudo\n   shell: /bin/bash\n   sudo: ['ALL=(ALL) NOPASSWD:ALL']\n   ssh-authorized-keys:\n     - ssh-ed25519 AAAAC3NzaC1lZDI1NTE5AAAAIKtRGiRY8xgoaoRgFAP2zbn73GfBX7xkGZSTaLodiJDk andr-mozha@yandex.ru\n"
            },
            "metadata_options": [
              {
                "aws_v1_http_endpoint": 1,
                "aws_v1_http_token": 2,
                "gce_http_endpoint": 1,
                "gce_http_token": 1
              }
            ],
            "name": "kibana",
            "network_acceleration_type": "standard",
            "network_interface": [
              {
                "dns_record": [],
                "index": 0,
                "ip_address": "192.168.10.34",
                "ipv4": true,
                "ipv6": false,
                "ipv6_address": "",
                "ipv6_dns_record": [],
                "mac_address": "d0:0d:10:5c:ae:bd",
                "nat": true,
                "nat_dns_record": [],
                "nat_ip_address": "84.201.139.210",
                "nat_ip_version": "IPV4",
                "security_group_ids": [
                  "enp8141088p9rkivvnmc"
                ],
                "subnet_id": "e2l3jb5pgu9h6ursul90"
              }
            ],
            "placement_policy": [
              {
                "host_affinity_rules": [],
                "placement_group_id": "",
                "placement_group_partition": 0
              }
            ],
            "platform_id": "standard-v3",
            "resources": [
              {
                "core_fraction": 50,
                "cores": 2,
                "gpus": 0,
                "memory": 4
              }
            ],
            "scheduling_policy": [
              {
                "preemptible": false
              }
            ],
            "secondary_disk": [],
            "service_account_id": "aje2a2l0fn8o4kioko4t",
            "status": "running",
            "timeouts": null,
            "zone": "ru-central1-b"
          },
          "sensitive_attributes": [],
          "private": "eyJlMmJmYjczMC1lY2FhLTExZTYtOGY4OC0zNDM2M2JjN2M0YzAiOnsiY3JlYXRlIjozMDAwMDAwMDAwMDAsImRlbGV0ZSI6MzAwMDAwMDAwMDAwLCJ1cGRhdGUiOjMwMDAwMDAwMDAwMH0sInNjaGVtYV92ZXJzaW9uIjoiMSJ9",
          "dependencies": [
            "data.yandex_compute_image.base",
            "yandex_iam_service_account.dude",
            "yandex_vpc_network.vpc",
            "yandex_vpc_security_group.kibana",
            "yandex_vpc_subnet.public"
          ]
        }
      ]
    },
    {
      "mode": "managed",
      "type": "yandex_compute_instance",
      "name": "prometheus",
      "provider": "provider[\"registry.terraform.io/yandex-cloud/yandex\"]",
      "instances": [
        {
          "schema_version": 1,
          "attributes": {
            "allow_recreate": null,
            "allow_stopping_for_update": null,
            "boot_disk": [
              {
                "auto_delete": true,
                "device_name": "epdh9cf2usl89m0p7clm",
                "disk_id": "epdh9cf2usl89m0p7clm",
                "initialize_params": [
                  {
                    "block_size": 4096,
                    "description": "",
                    "image_id": "fd871q5cjll8q49iqhub",
                    "kms_key_id": "",
                    "name": "",
                    "size": 20,
                    "snapshot_id": "",
                    "type": "network-ssd"
                  }
                ],
                "mode": "READ_WRITE"
              }
            ],
            "created_at": "2025-04-18T19:14:43Z",
            "description": "prometheus",
            "filesystem": [],
            "folder_id": "b1gmcfm3lo99laoohqlp",
            "fqdn": "prometheus.ru-central1.internal",
            "gpu_cluster_id": "",
            "hardware_generation": [
              {
                "generation2_features": [],
                "legacy_features": [
                  {
                    "pci_topology": "PCI_TOPOLOGY_V1"
                  }
                ]
              }
            ],
            "hostname": "prometheus",
            "id": "epdfq5injo43jbop2eua",
            "labels": null,
            "local_disk": [],
            "maintenance_grace_period": "",
            "maintenance_policy": null,
            "metadata": {
              "user-data": "#cloud-config\ndisable_root: true\ntimezone: Moscow\nrepo_update: true\nrepo_upgrade: true\napt:\n  preserve_sources_list: true\n\n#packages:\n#  - python3\n#  - python3-pip\n#\n#runcmd:\n#  - [ sysctl, -w, vm.max_map_count=262144 ]\n\nusers:\n - name: ansible\n   groups: sudo\n   shell: /bin/bash\n   sudo: ['ALL=(ALL) NOPASSWD:ALL']\n   ssh-authorized-keys:\n     - ssh-ed25519 AAAAC3NzaC1lZDI1NTE5AAAAIKtRGiRY8xgoaoRgFAP2zbn73GfBX7xkGZSTaLodiJDk andr-mozha@yandex.ru\n"
            },
            "metadata_options": [
              {
                "aws_v1_http_endpoint": 1,
                "aws_v1_http_token": 2,
                "gce_http_endpoint": 1,
                "gce_http_token": 1
              }
            ],
            "name": "prometheus",
            "network_acceleration_type": "standard",
            "network_interface": [
              {
                "dns_record": [],
                "index": 0,
                "ip_address": "192.168.4.25",
                "ipv4": true,
                "ipv6": false,
                "ipv6_address": "",
                "ipv6_dns_record": [],
                "mac_address": "d0:0d:fd:16:57:9e",
                "nat": false,
                "nat_dns_record": [],
                "nat_ip_address": "",
                "nat_ip_version": "",
                "security_group_ids": [
                  "enp972aopdup7et0a7so"
                ],
                "subnet_id": "e2ljph631i5baa5aph3r"
              }
            ],
            "placement_policy": [
              {
                "host_affinity_rules": [],
                "placement_group_id": "",
                "placement_group_partition": 0
              }
            ],
            "platform_id": "standard-v3",
            "resources": [
              {
                "core_fraction": 50,
                "cores": 2,
                "gpus": 0,
                "memory": 4
              }
            ],
            "scheduling_policy": [
              {
                "preemptible": false
              }
            ],
            "secondary_disk": [],
            "service_account_id": "aje2a2l0fn8o4kioko4t",
            "status": "running",
            "timeouts": null,
            "zone": "ru-central1-b"
          },
          "sensitive_attributes": [],
          "private": "eyJlMmJmYjczMC1lY2FhLTExZTYtOGY4OC0zNDM2M2JjN2M0YzAiOnsiY3JlYXRlIjozMDAwMDAwMDAwMDAsImRlbGV0ZSI6MzAwMDAwMDAwMDAwLCJ1cGRhdGUiOjMwMDAwMDAwMDAwMH0sInNjaGVtYV92ZXJzaW9uIjoiMSJ9",
          "dependencies": [
            "data.yandex_compute_image.base",
            "yandex_iam_service_account.dude",
            "yandex_vpc_gateway.cw-private-gateway",
            "yandex_vpc_network.vpc",
            "yandex_vpc_route_table.vpc_route",
            "yandex_vpc_security_group.prometheus",
            "yandex_vpc_subnet.private-observability"
          ]
        }
      ]
    },
    {
      "mode": "managed",
      "type": "yandex_compute_instance_group",
      "name": "web-netology",
      "provider": "provider[\"registry.terraform.io/yandex-cloud/yandex\"]",
      "instances": [
        {
          "schema_version": 0,
          "attributes": {
            "allocation_policy": [
              {
                "instance_tags_pool": [],
                "zones": [
                  "ru-central1-a",
                  "ru-central1-b",
                  "ru-central1-c"
                ]
              }
            ],
            "application_load_balancer": [
              {
                "ignore_health_checks": false,
                "max_opening_traffic_duration": 0,
                "status_message": "",
                "target_group_description": "",
                "target_group_id": "ds75lt36st3js05hbrmf",
                "target_group_labels": {},
                "target_group_name": "cw-netology"
              }
            ],
            "created_at": "2025-04-18T19:12:42Z",
            "deletion_protection": false,
            "deploy_policy": [
              {
                "max_creating": 3,
                "max_deleting": 2,
                "max_expansion": 1,
                "max_unavailable": 1,
                "startup_duration": 0,
                "strategy": "proactive"
              }
            ],
            "description": "",
            "folder_id": "b1gmcfm3lo99laoohqlp",
            "health_check": [],
            "id": "cl1o5h7fdgafi6c0ksms",
            "instance_template": [
              {
                "boot_disk": [
                  {
                    "device_name": "",
                    "disk_id": "",
                    "initialize_params": [
                      {
                        "description": "",
                        "image_id": "fd8gbeo6g33s54fdfcvh",
                        "size": 20,
                        "snapshot_id": "",
                        "type": "network-hdd"
                      }
                    ],
                    "mode": "READ_WRITE",
                    "name": ""
                  }
                ],
                "description": "",
                "filesystem": [],
                "hostname": "webserver-{instance.short_id}",
                "labels": {},
                "metadata": {
                  "user-data": "#cloud-config\ndisable_root: true\ntimezone: Moscow\nrepo_update: true\nrepo_upgrade: true\napt:\n  preserve_sources_list: true\n\n#packages:\n#  - python3\n#  - python3-pip\n#\n#runcmd:\n#  - [ sysctl, -w, vm.max_map_count=262144 ]\n\nusers:\n - name: ansible\n   groups: sudo\n   shell: /bin/bash\n   sudo: ['ALL=(ALL) NOPASSWD:ALL']\n   ssh-authorized-keys:\n     - ssh-ed25519 AAAAC3NzaC1lZDI1NTE5AAAAIKtRGiRY8xgoaoRgFAP2zbn73GfBX7xkGZSTaLodiJDk andr-mozha@yandex.ru\n"
                },
                "metadata_options": [
                  {
                    "aws_v1_http_endpoint": 0,
                    "aws_v1_http_token": 0,
                    "gce_http_endpoint": 0,
                    "gce_http_token": 0
                  }
                ],
                "name": "webserver-{instance.short_id}",
                "network_interface": [
                  {
                    "dns_record": [],
                    "ip_address": "",
                    "ipv4": true,
                    "ipv6": false,
                    "ipv6_address": "",
                    "ipv6_dns_record": [],
                    "nat": false,
                    "nat_dns_record": [],
                    "nat_ip_address": "",
                    "network_id": "enpl3rrn103fs5bi9l9c",
                    "security_group_ids": [
                      "enpabrhrb9410tkvmtdl"
                    ],
                    "subnet_ids": [
                      "e2l24khlmm3rbluihvtg",
                      "e9b4das7diguc3rbpbvb",
                      "fl8v4h2o8s3n4o7s6bti"
                    ]
                  }
                ],
                "network_settings": [],
                "placement_policy": [],
                "platform_id": "standard-v3",
                "resources": [
                  {
                    "core_fraction": 20,
                    "cores": 2,
                    "gpus": 0,
                    "memory": 1
                  }
                ],
                "scheduling_policy": [
                  {
                    "preemptible": false
                  }
                ],
                "secondary_disk": [],
                "service_account_id": "aje2a2l0fn8o4kioko4t"
              }
            ],
            "instances": [
              {
                "fqdn": "webserver-oqez.ru-central1.internal",
                "instance_id": "fhmj8mckpua81154ude0",
                "instance_tag": "",
                "name": "webserver-oqez",
                "network_interface": [
                  {
                    "index": 0,
                    "ip_address": "192.168.1.22",
                    "ipv4": true,
                    "ipv6": false,
                    "ipv6_address": "",
                    "mac_address": "d0:0d:13:45:99:4c",
                    "nat": false,
                    "nat_ip_address": "",
                    "nat_ip_version": "",
                    "subnet_id": "e9b4das7diguc3rbpbvb"
                  }
                ],
                "status": "RUNNING_ACTUAL",
                "status_changed_at": "2025-04-18T19:13:26Z",
                "status_message": "",
                "zone_id": "ru-central1-a"
              },
              {
                "fqdn": "webserver-agiv.ru-central1.internal",
                "instance_id": "epdm4sr2qn1d61ngidks",
                "instance_tag": "",
                "name": "webserver-agiv",
                "network_interface": [
                  {
                    "index": 0,
                    "ip_address": "192.168.2.12",
                    "ipv4": true,
                    "ipv6": false,
                    "ipv6_address": "",
                    "mac_address": "d0:0d:16:27:36:2d",
                    "nat": false,
                    "nat_ip_address": "",
                    "nat_ip_version": "",
                    "subnet_id": "e2l24khlmm3rbluihvtg"
                  }
                ],
                "status": "RUNNING_ACTUAL",
                "status_changed_at": "2025-04-18T19:13:26Z",
                "status_message": "",
                "zone_id": "ru-central1-b"
              },
              {
                "fqdn": "webserver-ypak.ru-central1.internal",
                "instance_id": "epdmti9hpolvtg2kpkg5",
                "instance_tag": "",
                "name": "webserver-ypak",
                "network_interface": [
                  {
                    "index": 0,
                    "ip_address": "192.168.2.18",
                    "ipv4": true,
                    "ipv6": false,
                    "ipv6_address": "",
                    "mac_address": "d0:0d:16:ec:93:1c",
                    "nat": false,
                    "nat_ip_address": "",
                    "nat_ip_version": "",
                    "subnet_id": "e2l24khlmm3rbluihvtg"
                  }
                ],
                "status": "RUNNING_ACTUAL",
                "status_changed_at": "2025-04-18T19:13:32Z",
                "status_message": "",
                "zone_id": "ru-central1-b"
              }
            ],
            "labels": {},
            "load_balancer": [],
            "max_checking_health_duration": null,
            "name": "web-netology",
            "scale_policy": [
              {
                "auto_scale": [],
                "fixed_scale": [
                  {
                    "size": 3
                  }
                ],
                "test_auto_scale": []
              }
            ],
            "service_account_id": "aje2a2l0fn8o4kioko4t",
            "status": "ACTIVE",
            "timeouts": null,
            "variables": {}
          },
          "sensitive_attributes": [],
          "private": "eyJlMmJmYjczMC1lY2FhLTExZTYtOGY4OC0zNDM2M2JjN2M0YzAiOnsiY3JlYXRlIjoxODAwMDAwMDAwMDAwLCJkZWxldGUiOjE4MDAwMDAwMDAwMDAsInVwZGF0ZSI6MTgwMDAwMDAwMDAwMH19",
          "dependencies": [
            "data.yandex_compute_image.webserver",
            "yandex_iam_service_account.dude",
            "yandex_resourcemanager_folder_iam_binding.editor",
            "yandex_vpc_gateway.cw-private-gateway",
            "yandex_vpc_network.vpc",
            "yandex_vpc_route_table.vpc_route",
            "yandex_vpc_security_group.webservers",
            "yandex_vpc_subnet.private-web-a",
            "yandex_vpc_subnet.private-web-b",
            "yandex_vpc_subnet.private-web-c"
          ]
        }
      ]
    },
    {
      "mode": "managed",
      "type": "yandex_compute_snapshot_schedule",
      "name": "default",
      "provider": "provider[\"registry.terraform.io/yandex-cloud/yandex\"]",
      "instances": [
        {
          "schema_version": 0,
          "attributes": {
            "created_at": "2025-04-18T19:15:26Z",
            "description": "",
            "disk_ids": [
              "epd6vbf9q6blp4qve5ic",
              "epd7tma7ab2tuhhh0jub",
              "epdbalbotppfnl3vvoiq",
              "epdh9cf2usl89m0p7clm",
              "epdmv7kdpkfjd2nvnaq0",
              "epdu2nk5vbtd2pnina5u",
              "fhmo7gj33bqmlro4fsn7"
            ],
            "folder_id": "b1gmcfm3lo99laoohqlp",
            "id": "fd860lkbriouisgotlv5",
            "labels": {
              "my-label": "netology-schedule"
            },
            "name": "cw-snapshots",
            "retention_period": "168h0m0s",
            "schedule_policy": [
              {
                "expression": "0 0 * * *",
                "start_at": "1970-01-01T00:00:00Z"
              }
            ],
            "snapshot_count": 0,
            "snapshot_spec": [
              {
                "description": "coursework-snapshots",
                "labels": {
                  "snapshot-label": "netology"
                }
              }
            ],
            "status": "active",
            "timeouts": null
          },
          "sensitive_attributes": [],
          "private": "eyJlMmJmYjczMC1lY2FhLTExZTYtOGY4OC0zNDM2M2JjN2M0YzAiOnsiY3JlYXRlIjozMDAwMDAwMDAwMDAsImRlbGV0ZSI6MzAwMDAwMDAwMDAwLCJ1cGRhdGUiOjMwMDAwMDAwMDAwMH19",
          "dependencies": [
            "data.yandex_compute_image.base",
            "data.yandex_compute_image.webserver",
            "data.yandex_compute_instance.ig_instances",
            "yandex_compute_instance.elastic",
            "yandex_compute_instance.grafana",
            "yandex_compute_instance.kibana",
            "yandex_compute_instance.prometheus",
            "yandex_compute_instance_group.web-netology",
            "yandex_iam_service_account.dude",
            "yandex_resourcemanager_folder_iam_binding.editor",
            "yandex_vpc_gateway.cw-private-gateway",
            "yandex_vpc_network.vpc",
            "yandex_vpc_route_table.vpc_route",
            "yandex_vpc_security_group.elasticsearch",
            "yandex_vpc_security_group.grafana",
            "yandex_vpc_security_group.kibana",
            "yandex_vpc_security_group.prometheus",
            "yandex_vpc_security_group.webservers",
            "yandex_vpc_subnet.private-observability",
            "yandex_vpc_subnet.private-web-a",
            "yandex_vpc_subnet.private-web-b",
            "yandex_vpc_subnet.private-web-c",
            "yandex_vpc_subnet.public"
          ]
        }
      ]
    },
    {
      "mode": "managed",
      "type": "yandex_iam_service_account",
      "name": "dude",
      "provider": "provider[\"registry.terraform.io/yandex-cloud/yandex\"]",
      "instances": [
        {
          "schema_version": 0,
          "attributes": {
            "created_at": "2025-04-18T19:12:36Z",
            "description": "service account to manage VMs",
            "folder_id": "b1gmcfm3lo99laoohqlp",
            "id": "aje2a2l0fn8o4kioko4t",
            "name": "dude",
            "timeouts": null
          },
          "sensitive_attributes": [],
          "private": "eyJlMmJmYjczMC1lY2FhLTExZTYtOGY4OC0zNDM2M2JjN2M0YzAiOnsiY3JlYXRlIjo2MDAwMDAwMDAwMCwiZGVsZXRlIjo2MDAwMDAwMDAwMCwidXBkYXRlIjo2MDAwMDAwMDAwMH19"
        }
      ]
    },
    {
      "mode": "managed",
      "type": "yandex_mdb_postgresql_cluster",
      "name": "postgres",
      "provider": "provider[\"registry.terraform.io/yandex-cloud/yandex\"]",
      "instances": [
        {
          "schema_version": 0,
          "attributes": {
            "config": [
              {
                "access": [
                  {
                    "data_lens": false,
                    "data_transfer": false,
                    "serverless": false,
                    "web_sql": false
                  }
                ],
                "autofailover": true,
                "backup_retain_period_days": 7,
                "backup_window_start": [
                  {
                    "hours": 0,
                    "minutes": 0
                  }
                ],
                "disk_size_autoscaling": [
                  {
                    "disk_size_limit": 0,
                    "emergency_usage_threshold": 0,
                    "planned_usage_threshold": 0
                  }
                ],
                "performance_diagnostics": [
                  {
                    "enabled": false,
                    "sessions_sampling_interval": 60,
                    "statements_sampling_interval": 600
                  }
                ],
                "pooler_config": [],
                "postgresql_config": {
                  "autovacuum_vacuum_scale_factor": "0.34",
                  "default_transaction_isolation": "TRANSACTION_ISOLATION_READ_COMMITTED",
                  "enable_parallel_hash": "true",
                  "max_connections": "400",
                  "max_locks_per_transaction": "200",
                  "max_parallel_workers": "10",
                  "max_prepared_transactions": "4",
                  "password_encryption": "1",
                  "shared_preload_libraries": "SHARED_PRELOAD_LIBRARIES_AUTO_EXPLAIN,SHARED_PRELOAD_LIBRARIES_PG_HINT_PLAN"
                },
                "resources": [
                  {
                    "disk_size": 30,
                    "disk_type_id": "network-ssd",
                    "resource_preset_id": "s2.micro"
                  }
                ],
                "version": "15"
              }
            ],
            "created_at": "2025-04-18T19:14:55Z",
            "database": [],
            "deletion_protection": false,
            "description": "PostgreSQL cluster for Prometheus metrics",
            "environment": "PRODUCTION",
            "folder_id": "b1gmcfm3lo99laoohqlp",
            "health": "HEALTH_UNKNOWN",
            "host": [
              {
                "assign_public_ip": false,
                "fqdn": "rc1a-m930p7h05harajvd.mdb.yandexcloud.net",
                "name": "",
                "priority": 0,
                "replication_source": "",
                "replication_source_name": "",
                "role": "MASTER",
                "subnet_id": "e9bnn4ep4rfj609u4p1s",
                "zone": "ru-central1-a"
              },
              {
                "assign_public_ip": false,
                "fqdn": "rc1b-nvacec4sl6i6124f.mdb.yandexcloud.net",
                "name": "",
                "priority": 0,
                "replication_source": "",
                "replication_source_name": "",
                "role": "REPLICA",
                "subnet_id": "e2lns5s61h0hd016q93d",
                "zone": "ru-central1-b"
              }
            ],
            "host_group_ids": [],
            "host_master_name": "",
            "id": "c9qd2r3t3g245ovled85",
            "labels": {},
            "maintenance_window": [
              {
                "day": "SAT",
                "hour": 12,
                "type": "WEEKLY"
              }
            ],
            "name": "pg-prometheus-cluster",
            "network_id": "enpl3rrn103fs5bi9l9c",
            "restore": [],
            "security_group_ids": [
              "enpg94cpjlqq9lqoomtq"
            ],
            "status": "RUNNING",
            "timeouts": null,
            "user": []
          },
          "sensitive_attributes": [],
          "private": "eyJlMmJmYjczMC1lY2FhLTExZTYtOGY4OC0zNDM2M2JjN2M0YzAiOnsiY3JlYXRlIjoxODAwMDAwMDAwMDAwLCJkZWxldGUiOjkwMDAwMDAwMDAwMCwidXBkYXRlIjozNjAwMDAwMDAwMDAwfX0=",
          "dependencies": [
            "yandex_vpc_network.vpc",
            "yandex_vpc_security_group.postgres",
            "yandex_vpc_subnet.private-db-a",
            "yandex_vpc_subnet.private-db-b"
          ]
        }
      ]
    },
    {
      "mode": "managed",
      "type": "yandex_mdb_postgresql_database",
      "name": "metrics",
      "provider": "provider[\"registry.terraform.io/yandex-cloud/yandex\"]",
      "instances": [
        {
          "schema_version": 0,
          "attributes": {
            "cluster_id": "c9qd2r3t3g245ovled85",
            "deletion_protection": "unspecified",
            "extension": [
              {
                "name": "uuid-ossp",
                "version": ""
              },
              {
                "name": "xml2",
                "version": ""
              }
            ],
            "id": "c9qd2r3t3g245ovled85:metrics",
            "lc_collate": "en_US.UTF-8",
            "lc_type": "en_US.UTF-8",
            "name": "metrics",
            "owner": "prom",
            "template_db": "",
            "timeouts": null
          },
          "sensitive_attributes": [],
          "private": "eyJlMmJmYjczMC1lY2FhLTExZTYtOGY4OC0zNDM2M2JjN2M0YzAiOnsiY3JlYXRlIjo2MDAwMDAwMDAwMDAsImRlbGV0ZSI6NjAwMDAwMDAwMDAwLCJyZWFkIjo2MDAwMDAwMDAwMCwidXBkYXRlIjo2MDAwMDAwMDAwMDB9fQ==",
          "dependencies": [
            "yandex_mdb_postgresql_cluster.postgres",
            "yandex_mdb_postgresql_user.prom",
            "yandex_vpc_network.vpc",
            "yandex_vpc_security_group.postgres",
            "yandex_vpc_subnet.private-db-a",
            "yandex_vpc_subnet.private-db-b"
          ]
        }
      ]
    },
    {
      "mode": "managed",
      "type": "yandex_mdb_postgresql_user",
      "name": "prom",
      "provider": "provider[\"registry.terraform.io/yandex-cloud/yandex\"]",
      "instances": [
        {
          "schema_version": 0,
          "attributes": {
            "cluster_id": "c9qd2r3t3g245ovled85",
            "conn_limit": 150,
            "connection_manager": {
              "connection_id": "a5974rr5o2l3cr3ul7j5"
            },
            "deletion_protection": "unspecified",
            "generate_password": false,
            "grants": null,
            "id": "c9qd2r3t3g245ovled85:prom",
            "login": true,
            "name": "prom",
            "password": "securepgpassword",
            "permission": [],
            "settings": {
              "default_transaction_isolation": "read committed",
              "log_min_duration_statement": "5000"
            },
            "timeouts": null
          },
          "sensitive_attributes": [
            [
              {
                "type": "get_attr",
                "value": "password"
              }
            ]
          ],
          "private": "eyJlMmJmYjczMC1lY2FhLTExZTYtOGY4OC0zNDM2M2JjN2M0YzAiOnsiY3JlYXRlIjo2MDAwMDAwMDAwMDAsImRlbGV0ZSI6NjAwMDAwMDAwMDAwLCJyZWFkIjo2MDAwMDAwMDAwMCwidXBkYXRlIjo2MDAwMDAwMDAwMDB9fQ==",
          "dependencies": [
            "yandex_mdb_postgresql_cluster.postgres",
            "yandex_vpc_network.vpc",
            "yandex_vpc_security_group.postgres",
            "yandex_vpc_subnet.private-db-a",
            "yandex_vpc_subnet.private-db-b"
          ]
        }
      ]
    },
    {
      "mode": "managed",
      "type": "yandex_resourcemanager_folder_iam_binding",
      "name": "editor",
      "provider": "provider[\"registry.terraform.io/yandex-cloud/yandex\"]",
      "instances": [
        {
          "schema_version": 0,
          "attributes": {
            "folder_id": "b1gmcfm3lo99laoohqlp",
            "id": "b1gmcfm3lo99laoohqlp/editor",
            "members": [
              "serviceAccount:aje2a2l0fn8o4kioko4t"
            ],
            "role": "editor",
            "sleep_after": null,
            "timeouts": null
          },
          "sensitive_attributes": [],
          "private": "eyJlMmJmYjczMC1lY2FhLTExZTYtOGY4OC0zNDM2M2JjN2M0YzAiOnsiY3JlYXRlIjo2MDAwMDAwMDAwMCwiZGVmYXVsdCI6NjAwMDAwMDAwMDAsImRlbGV0ZSI6NjAwMDAwMDAwMDAsInJlYWQiOjYwMDAwMDAwMDAwLCJ1cGRhdGUiOjYwMDAwMDAwMDAwfX0=",
          "dependencies": [
            "yandex_iam_service_account.dude"
          ]
        }
      ]
    },
    {
      "mode": "managed",
      "type": "yandex_vpc_gateway",
      "name": "cw-private-gateway",
      "provider": "provider[\"registry.terraform.io/yandex-cloud/yandex\"]",
      "instances": [
        {
          "schema_version": 0,
          "attributes": {
            "created_at": "2025-04-18T19:12:36Z",
            "description": "",
            "folder_id": "b1gmcfm3lo99laoohqlp",
            "id": "enpkq1k2na795emvboog",
            "labels": {},
            "name": "cw-private-gateway",
            "shared_egress_gateway": [
              {}
            ],
            "timeouts": null
          },
          "sensitive_attributes": [],
          "private": "eyJlMmJmYjczMC1lY2FhLTExZTYtOGY4OC0zNDM2M2JjN2M0YzAiOnsiY3JlYXRlIjo2MDAwMDAwMDAwMCwiZGVsZXRlIjo2MDAwMDAwMDAwMCwidXBkYXRlIjo2MDAwMDAwMDAwMH19"
        }
      ]
    },
    {
      "mode": "managed",
      "type": "yandex_vpc_network",
      "name": "vpc",
      "provider": "provider[\"registry.terraform.io/yandex-cloud/yandex\"]",
      "instances": [
        {
          "schema_version": 0,
          "attributes": {
            "created_at": "2025-04-18T19:12:36Z",
            "default_security_group_id": "enpsib2r0n2femp872fk",
            "description": "",
            "folder_id": "b1gmcfm3lo99laoohqlp",
            "id": "enpl3rrn103fs5bi9l9c",
            "labels": {},
            "name": "coursework-vpc-network",
            "subnet_ids": [
              "e2l24khlmm3rbluihvtg",
              "e9b4das7diguc3rbpbvb",
              "fl8v4h2o8s3n4o7s6bti"
            ],
            "timeouts": null
          },
          "sensitive_attributes": [],
          "private": "eyJlMmJmYjczMC1lY2FhLTExZTYtOGY4OC0zNDM2M2JjN2M0YzAiOnsiY3JlYXRlIjo2MDAwMDAwMDAwMCwiZGVsZXRlIjo2MDAwMDAwMDAwMCwidXBkYXRlIjo2MDAwMDAwMDAwMH19"
        }
      ]
    },
    {
      "mode": "managed",
      "type": "yandex_vpc_route_table",
      "name": "vpc_route",
      "provider": "provider[\"registry.terraform.io/yandex-cloud/yandex\"]",
      "instances": [
        {
          "schema_version": 0,
          "attributes": {
            "created_at": "2025-04-18T19:12:39Z",
            "description": "",
            "folder_id": "b1gmcfm3lo99laoohqlp",
            "id": "enp5b25so8h2gpememr0",
            "labels": {},
            "name": "vpc_route",
            "network_id": "enpl3rrn103fs5bi9l9c",
            "static_route": [
              {
                "destination_prefix": "0.0.0.0/0",
                "gateway_id": "enpkq1k2na795emvboog",
                "next_hop_address": ""
              }
            ],
            "timeouts": null
          },
          "sensitive_attributes": [],
          "private": "eyJlMmJmYjczMC1lY2FhLTExZTYtOGY4OC0zNDM2M2JjN2M0YzAiOnsiY3JlYXRlIjoxODAwMDAwMDAwMDAsImRlbGV0ZSI6MTgwMDAwMDAwMDAwLCJ1cGRhdGUiOjE4MDAwMDAwMDAwMH19",
          "dependencies": [
            "yandex_vpc_gateway.cw-private-gateway",
            "yandex_vpc_network.vpc"
          ]
        }
      ]
    },
    {
      "mode": "managed",
      "type": "yandex_vpc_security_group",
      "name": "bastion",
      "provider": "provider[\"registry.terraform.io/yandex-cloud/yandex\"]",
      "instances": [
        {
          "schema_version": 0,
          "attributes": {
            "created_at": "2025-04-18T19:14:39Z",
            "description": "external bastion security group",
            "egress": [],
            "folder_id": "b1gmcfm3lo99laoohqlp",
            "id": "enp1af2lliumm27he22p",
            "ingress": [],
            "labels": {},
            "name": "external-bastion",
            "network_id": "enpl3rrn103fs5bi9l9c",
            "status": "ACTIVE",
            "timeouts": null
          },
          "sensitive_attributes": [],
          "private": "eyJlMmJmYjczMC1lY2FhLTExZTYtOGY4OC0zNDM2M2JjN2M0YzAiOnsiY3JlYXRlIjoxODAwMDAwMDAwMDAsImRlbGV0ZSI6MTgwMDAwMDAwMDAwLCJ1cGRhdGUiOjE4MDAwMDAwMDAwMH19",
          "dependencies": [
            "yandex_vpc_network.vpc"
          ]
        }
      ]
    },
    {
      "mode": "managed",
      "type": "yandex_vpc_security_group",
      "name": "elasticsearch",
      "provider": "provider[\"registry.terraform.io/yandex-cloud/yandex\"]",
      "instances": [
        {
          "schema_version": 0,
          "attributes": {
            "created_at": "2025-04-18T19:14:40Z",
            "description": "Elasticsearch security group",
            "egress": [],
            "folder_id": "b1gmcfm3lo99laoohqlp",
            "id": "enp0731jokqbkgn746c1",
            "ingress": [],
            "labels": {},
            "name": "elasticsearch",
            "network_id": "enpl3rrn103fs5bi9l9c",
            "status": "ACTIVE",
            "timeouts": null
          },
          "sensitive_attributes": [],
          "private": "eyJlMmJmYjczMC1lY2FhLTExZTYtOGY4OC0zNDM2M2JjN2M0YzAiOnsiY3JlYXRlIjoxODAwMDAwMDAwMDAsImRlbGV0ZSI6MTgwMDAwMDAwMDAwLCJ1cGRhdGUiOjE4MDAwMDAwMDAwMH19",
          "dependencies": [
            "yandex_vpc_network.vpc"
          ]
        }
      ]
    },
    {
      "mode": "managed",
      "type": "yandex_vpc_security_group",
      "name": "grafana",
      "provider": "provider[\"registry.terraform.io/yandex-cloud/yandex\"]",
      "instances": [
        {
          "schema_version": 0,
          "attributes": {
            "created_at": "2025-04-18T19:14:50Z",
            "description": "Grafana security group",
            "egress": [],
            "folder_id": "b1gmcfm3lo99laoohqlp",
            "id": "enpneqhi4o9mand5tg1v",
            "ingress": [],
            "labels": {},
            "name": "grafana",
            "network_id": "enpl3rrn103fs5bi9l9c",
            "status": "ACTIVE",
            "timeouts": null
          },
          "sensitive_attributes": [],
          "private": "eyJlMmJmYjczMC1lY2FhLTExZTYtOGY4OC0zNDM2M2JjN2M0YzAiOnsiY3JlYXRlIjoxODAwMDAwMDAwMDAsImRlbGV0ZSI6MTgwMDAwMDAwMDAwLCJ1cGRhdGUiOjE4MDAwMDAwMDAwMH19",
          "dependencies": [
            "yandex_vpc_network.vpc"
          ]
        }
      ]
    },
    {
      "mode": "managed",
      "type": "yandex_vpc_security_group",
      "name": "kibana",
      "provider": "provider[\"registry.terraform.io/yandex-cloud/yandex\"]",
      "instances": [
        {
          "schema_version": 0,
          "attributes": {
            "created_at": "2025-04-18T19:14:45Z",
            "description": "Kibana security group",
            "egress": [],
            "folder_id": "b1gmcfm3lo99laoohqlp",
            "id": "enp8141088p9rkivvnmc",
            "ingress": [],
            "labels": {},
            "name": "kibana",
            "network_id": "enpl3rrn103fs5bi9l9c",
            "status": "ACTIVE",
            "timeouts": null
          },
          "sensitive_attributes": [],
          "private": "eyJlMmJmYjczMC1lY2FhLTExZTYtOGY4OC0zNDM2M2JjN2M0YzAiOnsiY3JlYXRlIjoxODAwMDAwMDAwMDAsImRlbGV0ZSI6MTgwMDAwMDAwMDAwLCJ1cGRhdGUiOjE4MDAwMDAwMDAwMH19",
          "dependencies": [
            "yandex_vpc_network.vpc"
          ]
        }
      ]
    },
    {
      "mode": "managed",
      "type": "yandex_vpc_security_group",
      "name": "load-balancer",
      "provider": "provider[\"registry.terraform.io/yandex-cloud/yandex\"]",
      "instances": [
        {
          "schema_version": 0,
          "attributes": {
            "created_at": "2025-04-18T19:14:47Z",
            "description": "Load balancer security group",
            "egress": [],
            "folder_id": "b1gmcfm3lo99laoohqlp",
            "id": "enp2ee8ijtlikev0975q",
            "ingress": [],
            "labels": {},
            "name": "load-balancer",
            "network_id": "enpl3rrn103fs5bi9l9c",
            "status": "ACTIVE",
            "timeouts": null
          },
          "sensitive_attributes": [],
          "private": "eyJlMmJmYjczMC1lY2FhLTExZTYtOGY4OC0zNDM2M2JjN2M0YzAiOnsiY3JlYXRlIjoxODAwMDAwMDAwMDAsImRlbGV0ZSI6MTgwMDAwMDAwMDAwLCJ1cGRhdGUiOjE4MDAwMDAwMDAwMH19",
          "dependencies": [
            "yandex_vpc_network.vpc"
          ]
        }
      ]
    },
    {
      "mode": "managed",
      "type": "yandex_vpc_security_group",
      "name": "postgres",
      "provider": "provider[\"registry.terraform.io/yandex-cloud/yandex\"]",
      "instances": [
        {
          "schema_version": 0,
          "attributes": {
            "created_at": "2025-04-18T19:14:55Z",
            "description": "",
            "egress": [],
            "folder_id": "b1gmcfm3lo99laoohqlp",
            "id": "enpg94cpjlqq9lqoomtq",
            "ingress": [],
            "labels": {},
            "name": "postgres",
            "network_id": "enpl3rrn103fs5bi9l9c",
            "status": "ACTIVE",
            "timeouts": null
          },
          "sensitive_attributes": [],
          "private": "eyJlMmJmYjczMC1lY2FhLTExZTYtOGY4OC0zNDM2M2JjN2M0YzAiOnsiY3JlYXRlIjoxODAwMDAwMDAwMDAsImRlbGV0ZSI6MTgwMDAwMDAwMDAwLCJ1cGRhdGUiOjE4MDAwMDAwMDAwMH19",
          "dependencies": [
            "yandex_vpc_network.vpc"
          ]
        }
      ]
    },
    {
      "mode": "managed",
      "type": "yandex_vpc_security_group",
      "name": "prometheus",
      "provider": "provider[\"registry.terraform.io/yandex-cloud/yandex\"]",
      "instances": [
        {
          "schema_version": 0,
          "attributes": {
            "created_at": "2025-04-18T19:14:43Z",
            "description": "Prometheus security group",
            "egress": [],
            "folder_id": "b1gmcfm3lo99laoohqlp",
            "id": "enp972aopdup7et0a7so",
            "ingress": [],
            "labels": {},
            "name": "prometheus",
            "network_id": "enpl3rrn103fs5bi9l9c",
            "status": "ACTIVE",
            "timeouts": null
          },
          "sensitive_attributes": [],
          "private": "eyJlMmJmYjczMC1lY2FhLTExZTYtOGY4OC0zNDM2M2JjN2M0YzAiOnsiY3JlYXRlIjoxODAwMDAwMDAwMDAsImRlbGV0ZSI6MTgwMDAwMDAwMDAwLCJ1cGRhdGUiOjE4MDAwMDAwMDAwMH19",
          "dependencies": [
            "yandex_vpc_network.vpc"
          ]
        }
      ]
    },
    {
      "mode": "managed",
      "type": "yandex_vpc_security_group",
      "name": "webservers",
      "provider": "provider[\"registry.terraform.io/yandex-cloud/yandex\"]",
      "instances": [
        {
          "schema_version": 0,
          "attributes": {
            "created_at": "2025-04-18T19:12:41Z",
            "description": "Webservers security group",
            "egress": [],
            "folder_id": "b1gmcfm3lo99laoohqlp",
            "id": "enpabrhrb9410tkvmtdl",
            "ingress": [],
            "labels": {},
            "name": "webservers",
            "network_id": "enpl3rrn103fs5bi9l9c",
            "status": "ACTIVE",
            "timeouts": null
          },
          "sensitive_attributes": [],
          "private": "eyJlMmJmYjczMC1lY2FhLTExZTYtOGY4OC0zNDM2M2JjN2M0YzAiOnsiY3JlYXRlIjoxODAwMDAwMDAwMDAsImRlbGV0ZSI6MTgwMDAwMDAwMDAwLCJ1cGRhdGUiOjE4MDAwMDAwMDAwMH19",
          "dependencies": [
            "yandex_vpc_network.vpc"
          ]
        }
      ]
    },
    {
      "mode": "managed",
      "type": "yandex_vpc_security_group_rule",
      "name": "bastion-egress",
      "provider": "provider[\"registry.terraform.io/yandex-cloud/yandex\"]",
      "instances": [
        {
          "schema_version": 0,
          "attributes": {
            "description": "BASTION: outgoing requests",
            "direction": "egress",
            "from_port": -1,
            "id": "enpfq37gqfp9n3kjonli",
            "labels": null,
            "port": -1,
            "predefined_target": "",
            "protocol": "ANY",
            "security_group_binding": "enp1af2lliumm27he22p",
            "security_group_id": "",
            "timeouts": null,
            "to_port": -1,
            "v4_cidr_blocks": [
              "0.0.0.0/0"
            ],
            "v6_cidr_blocks": null
          },
          "sensitive_attributes": [],
          "dependencies": [
            "yandex_vpc_network.vpc",
            "yandex_vpc_security_group.bastion"
          ]
        }
      ]
    },
    {
      "mode": "managed",
      "type": "yandex_vpc_security_group_rule",
      "name": "bastion-ssh",
      "provider": "provider[\"registry.terraform.io/yandex-cloud/yandex\"]",
      "instances": [
        {
          "schema_version": 0,
          "attributes": {
            "description": "BASTION: allow SSH access from Internet",
            "direction": "ingress",
            "from_port": -1,
            "id": "enp7c5aftn1dqvbc4rae",
            "labels": null,
            "port": 22,
            "predefined_target": "",
            "protocol": "TCP",
            "security_group_binding": "enp1af2lliumm27he22p",
            "security_group_id": "",
            "timeouts": null,
            "to_port": -1,
            "v4_cidr_blocks": [
              "0.0.0.0/0"
            ],
            "v6_cidr_blocks": null
          },
          "sensitive_attributes": [],
          "dependencies": [
            "yandex_vpc_network.vpc",
            "yandex_vpc_security_group.bastion"
          ]
        }
      ]
    },
    {
      "mode": "managed",
      "type": "yandex_vpc_security_group_rule",
      "name": "elastic-egress",
      "provider": "provider[\"registry.terraform.io/yandex-cloud/yandex\"]",
      "instances": [
        {
          "schema_version": 0,
          "attributes": {
            "description": "ELASTICSEARCH: outgoing requests",
            "direction": "egress",
            "from_port": -1,
            "id": "enpvotr9s9679av7dtpb",
            "labels": null,
            "port": -1,
            "predefined_target": "",
            "protocol": "ANY",
            "security_group_binding": "enp0731jokqbkgn746c1",
            "security_group_id": "",
            "timeouts": null,
            "to_port": -1,
            "v4_cidr_blocks": [
              "0.0.0.0/0"
            ],
            "v6_cidr_blocks": null
          },
          "sensitive_attributes": [],
          "dependencies": [
            "yandex_vpc_network.vpc",
            "yandex_vpc_security_group.elasticsearch"
          ]
        }
      ]
    },
    {
      "mode": "managed",
      "type": "yandex_vpc_security_group_rule",
      "name": "elastic-grafana-logs",
      "provider": "provider[\"registry.terraform.io/yandex-cloud/yandex\"]",
      "instances": [
        {
          "schema_version": 0,
          "attributes": {
            "description": "ELASTICSEARCH: incoming logs from grafana (filebeat)",
            "direction": "ingress",
            "from_port": -1,
            "id": "enpgtbeksjm60up2b9jt",
            "labels": null,
            "port": 9200,
            "predefined_target": "",
            "protocol": "TCP",
            "security_group_binding": "enp0731jokqbkgn746c1",
            "security_group_id": "enpneqhi4o9mand5tg1v",
            "timeouts": null,
            "to_port": -1,
            "v4_cidr_blocks": null,
            "v6_cidr_blocks": null
          },
          "sensitive_attributes": [],
          "dependencies": [
            "yandex_vpc_network.vpc",
            "yandex_vpc_security_group.elasticsearch",
            "yandex_vpc_security_group.grafana"
          ]
        }
      ]
    },
    {
      "mode": "managed",
      "type": "yandex_vpc_security_group_rule",
      "name": "elastic-kibana",
      "provider": "provider[\"registry.terraform.io/yandex-cloud/yandex\"]",
      "instances": [
        {
          "schema_version": 0,
          "attributes": {
            "description": "ELASTICSEARCH: incoming read queries from kibana",
            "direction": "ingress",
            "from_port": -1,
            "id": "enpjhtnrod6e7j8m3l5p",
            "labels": null,
            "port": 9200,
            "predefined_target": "",
            "protocol": "TCP",
            "security_group_binding": "enp0731jokqbkgn746c1",
            "security_group_id": "enp8141088p9rkivvnmc",
            "timeouts": null,
            "to_port": -1,
            "v4_cidr_blocks": null,
            "v6_cidr_blocks": null
          },
          "sensitive_attributes": [],
          "dependencies": [
            "yandex_vpc_network.vpc",
            "yandex_vpc_security_group.elasticsearch",
            "yandex_vpc_security_group.kibana"
          ]
        }
      ]
    },
    {
      "mode": "managed",
      "type": "yandex_vpc_security_group_rule",
      "name": "elastic-kibana-logs",
      "provider": "provider[\"registry.terraform.io/yandex-cloud/yandex\"]",
      "instances": [
        {
          "schema_version": 0,
          "attributes": {
            "description": "ELASTICSEARCH: incoming logs from kibana (filebeat)",
            "direction": "ingress",
            "from_port": -1,
            "id": "enp7ug0jjl7id3574fh5",
            "labels": null,
            "port": 9200,
            "predefined_target": "",
            "protocol": "TCP",
            "security_group_binding": "enp0731jokqbkgn746c1",
            "security_group_id": "enp8141088p9rkivvnmc",
            "timeouts": null,
            "to_port": -1,
            "v4_cidr_blocks": null,
            "v6_cidr_blocks": null
          },
          "sensitive_attributes": [],
          "dependencies": [
            "yandex_vpc_network.vpc",
            "yandex_vpc_security_group.elasticsearch",
            "yandex_vpc_security_group.kibana"
          ]
        }
      ]
    },
    {
      "mode": "managed",
      "type": "yandex_vpc_security_group_rule",
      "name": "elastic-node-metrics",
      "provider": "provider[\"registry.terraform.io/yandex-cloud/yandex\"]",
      "instances": [
        {
          "schema_version": 0,
          "attributes": {
            "description": "ELASTICSEARCH: scrape metrics from Prometheus",
            "direction": "ingress",
            "from_port": -1,
            "id": "enpmu9guh5vev8llvnqa",
            "labels": null,
            "port": 9100,
            "predefined_target": "",
            "protocol": "TCP",
            "security_group_binding": "enp0731jokqbkgn746c1",
            "security_group_id": "enp972aopdup7et0a7so",
            "timeouts": null,
            "to_port": -1,
            "v4_cidr_blocks": null,
            "v6_cidr_blocks": null
          },
          "sensitive_attributes": [],
          "dependencies": [
            "yandex_vpc_network.vpc",
            "yandex_vpc_security_group.elasticsearch",
            "yandex_vpc_security_group.prometheus"
          ]
        }
      ]
    },
    {
      "mode": "managed",
      "type": "yandex_vpc_security_group_rule",
      "name": "elastic-prom-logs",
      "provider": "provider[\"registry.terraform.io/yandex-cloud/yandex\"]",
      "instances": [
        {
          "schema_version": 0,
          "attributes": {
            "description": "ELASTICSEARCH: incoming logs from webservers (filebeat)",
            "direction": "ingress",
            "from_port": -1,
            "id": "enp5btvdqirvc6n8pd73",
            "labels": null,
            "port": 9200,
            "predefined_target": "",
            "protocol": "TCP",
            "security_group_binding": "enp0731jokqbkgn746c1",
            "security_group_id": "enp972aopdup7et0a7so",
            "timeouts": null,
            "to_port": -1,
            "v4_cidr_blocks": null,
            "v6_cidr_blocks": null
          },
          "sensitive_attributes": [],
          "dependencies": [
            "yandex_vpc_network.vpc",
            "yandex_vpc_security_group.elasticsearch",
            "yandex_vpc_security_group.prometheus"
          ]
        }
      ]
    },
    {
      "mode": "managed",
      "type": "yandex_vpc_security_group_rule",
      "name": "elastic-ssh",
      "provider": "provider[\"registry.terraform.io/yandex-cloud/yandex\"]",
      "instances": [
        {
          "schema_version": 0,
          "attributes": {
            "description": "ELASTICSEARCH: bastion ssh connection",
            "direction": "ingress",
            "from_port": -1,
            "id": "enpb2aveqb90punmim4f",
            "labels": null,
            "port": 22,
            "predefined_target": "",
            "protocol": "TCP",
            "security_group_binding": "enp0731jokqbkgn746c1",
            "security_group_id": "enp1af2lliumm27he22p",
            "timeouts": null,
            "to_port": -1,
            "v4_cidr_blocks": null,
            "v6_cidr_blocks": null
          },
          "sensitive_attributes": [],
          "dependencies": [
            "yandex_vpc_network.vpc",
            "yandex_vpc_security_group.bastion",
            "yandex_vpc_security_group.elasticsearch"
          ]
        }
      ]
    },
    {
      "mode": "managed",
      "type": "yandex_vpc_security_group_rule",
      "name": "elastic-webservers-logs",
      "provider": "provider[\"registry.terraform.io/yandex-cloud/yandex\"]",
      "instances": [
        {
          "schema_version": 0,
          "attributes": {
            "description": "ELASTICSEARCH: incoming queries from webservers (filebeat)",
            "direction": "ingress",
            "from_port": -1,
            "id": "enpo8tdi1a5037s6lubb",
            "labels": null,
            "port": 9200,
            "predefined_target": "",
            "protocol": "TCP",
            "security_group_binding": "enp0731jokqbkgn746c1",
            "security_group_id": "enpabrhrb9410tkvmtdl",
            "timeouts": null,
            "to_port": -1,
            "v4_cidr_blocks": null,
            "v6_cidr_blocks": null
          },
          "sensitive_attributes": [],
          "dependencies": [
            "yandex_vpc_network.vpc",
            "yandex_vpc_security_group.elasticsearch",
            "yandex_vpc_security_group.webservers"
          ]
        }
      ]
    },
    {
      "mode": "managed",
      "type": "yandex_vpc_security_group_rule",
      "name": "grafana-egress",
      "provider": "provider[\"registry.terraform.io/yandex-cloud/yandex\"]",
      "instances": [
        {
          "schema_version": 0,
          "attributes": {
            "description": "GRAFANA: outgoing requests",
            "direction": "egress",
            "from_port": -1,
            "id": "enp8l0ag9bcfsohlh485",
            "labels": null,
            "port": -1,
            "predefined_target": "",
            "protocol": "ANY",
            "security_group_binding": "enpneqhi4o9mand5tg1v",
            "security_group_id": "",
            "timeouts": null,
            "to_port": -1,
            "v4_cidr_blocks": [
              "0.0.0.0/0"
            ],
            "v6_cidr_blocks": null
          },
          "sensitive_attributes": [],
          "dependencies": [
            "yandex_vpc_network.vpc",
            "yandex_vpc_security_group.grafana"
          ]
        }
      ]
    },
    {
      "mode": "managed",
      "type": "yandex_vpc_security_group_rule",
      "name": "grafana-node-metrics",
      "provider": "provider[\"registry.terraform.io/yandex-cloud/yandex\"]",
      "instances": [
        {
          "schema_version": 0,
          "attributes": {
            "description": "GRAFANA: scrape metrics to Prometheus",
            "direction": "ingress",
            "from_port": -1,
            "id": "enpm36ga9olo8cveek9v",
            "labels": null,
            "port": 9100,
            "predefined_target": "",
            "protocol": "TCP",
            "security_group_binding": "enpneqhi4o9mand5tg1v",
            "security_group_id": "enp972aopdup7et0a7so",
            "timeouts": null,
            "to_port": -1,
            "v4_cidr_blocks": null,
            "v6_cidr_blocks": null
          },
          "sensitive_attributes": [],
          "dependencies": [
            "yandex_vpc_network.vpc",
            "yandex_vpc_security_group.grafana",
            "yandex_vpc_security_group.prometheus"
          ]
        }
      ]
    },
    {
      "mode": "managed",
      "type": "yandex_vpc_security_group_rule",
      "name": "grafana-ssh",
      "provider": "provider[\"registry.terraform.io/yandex-cloud/yandex\"]",
      "instances": [
        {
          "schema_version": 0,
          "attributes": {
            "description": "GRAFANA: bastion ssh connection",
            "direction": "ingress",
            "from_port": -1,
            "id": "enpgnt5tvi8s5p4i4m54",
            "labels": null,
            "port": 22,
            "predefined_target": "",
            "protocol": "TCP",
            "security_group_binding": "enpneqhi4o9mand5tg1v",
            "security_group_id": "enp1af2lliumm27he22p",
            "timeouts": null,
            "to_port": -1,
            "v4_cidr_blocks": null,
            "v6_cidr_blocks": null
          },
          "sensitive_attributes": [],
          "dependencies": [
            "yandex_vpc_network.vpc",
            "yandex_vpc_security_group.bastion",
            "yandex_vpc_security_group.grafana"
          ]
        }
      ]
    },
    {
      "mode": "managed",
      "type": "yandex_vpc_security_group_rule",
      "name": "grafana-ui-access",
      "provider": "provider[\"registry.terraform.io/yandex-cloud/yandex\"]",
      "instances": [
        {
          "schema_version": 0,
          "attributes": {
            "description": "GRAFANA: UI access",
            "direction": "ingress",
            "from_port": -1,
            "id": "enp4q0iq9ihg66og5q6u",
            "labels": null,
            "port": 3000,
            "predefined_target": "",
            "protocol": "ANY",
            "security_group_binding": "enpneqhi4o9mand5tg1v",
            "security_group_id": "",
            "timeouts": null,
            "to_port": -1,
            "v4_cidr_blocks": [
              "0.0.0.0/0"
            ],
            "v6_cidr_blocks": null
          },
          "sensitive_attributes": [],
          "dependencies": [
            "yandex_vpc_network.vpc",
            "yandex_vpc_security_group.grafana"
          ]
        }
      ]
    },
    {
      "mode": "managed",
      "type": "yandex_vpc_security_group_rule",
      "name": "kibana-egress",
      "provider": "provider[\"registry.terraform.io/yandex-cloud/yandex\"]",
      "instances": [
        {
          "schema_version": 0,
          "attributes": {
            "description": "KIBANA: outgoing requests",
            "direction": "egress",
            "from_port": -1,
            "id": "enptf2n9gmadqvh35t79",
            "labels": null,
            "port": -1,
            "predefined_target": "",
            "protocol": "ANY",
            "security_group_binding": "enp8141088p9rkivvnmc",
            "security_group_id": "",
            "timeouts": null,
            "to_port": -1,
            "v4_cidr_blocks": [
              "0.0.0.0/0"
            ],
            "v6_cidr_blocks": null
          },
          "sensitive_attributes": [],
          "dependencies": [
            "yandex_vpc_network.vpc",
            "yandex_vpc_security_group.kibana"
          ]
        }
      ]
    },
    {
      "mode": "managed",
      "type": "yandex_vpc_security_group_rule",
      "name": "kibana-node-metrics",
      "provider": "provider[\"registry.terraform.io/yandex-cloud/yandex\"]",
      "instances": [
        {
          "schema_version": 0,
          "attributes": {
            "description": "KIBANA: metrics to Prometheus",
            "direction": "ingress",
            "from_port": -1,
            "id": "enpn89qfbu6gmaj7k3ep",
            "labels": null,
            "port": 9100,
            "predefined_target": "",
            "protocol": "TCP",
            "security_group_binding": "enp8141088p9rkivvnmc",
            "security_group_id": "enp972aopdup7et0a7so",
            "timeouts": null,
            "to_port": -1,
            "v4_cidr_blocks": null,
            "v6_cidr_blocks": null
          },
          "sensitive_attributes": [],
          "dependencies": [
            "yandex_vpc_network.vpc",
            "yandex_vpc_security_group.kibana",
            "yandex_vpc_security_group.prometheus"
          ]
        }
      ]
    },
    {
      "mode": "managed",
      "type": "yandex_vpc_security_group_rule",
      "name": "kibana-ssh",
      "provider": "provider[\"registry.terraform.io/yandex-cloud/yandex\"]",
      "instances": [
        {
          "schema_version": 0,
          "attributes": {
            "description": "KIBANA: bastion ssh connection",
            "direction": "ingress",
            "from_port": -1,
            "id": "enp0h87d2rbjdl3hsjfm",
            "labels": null,
            "port": 22,
            "predefined_target": "",
            "protocol": "TCP",
            "security_group_binding": "enp8141088p9rkivvnmc",
            "security_group_id": "enp1af2lliumm27he22p",
            "timeouts": null,
            "to_port": -1,
            "v4_cidr_blocks": null,
            "v6_cidr_blocks": null
          },
          "sensitive_attributes": [],
          "dependencies": [
            "yandex_vpc_network.vpc",
            "yandex_vpc_security_group.bastion",
            "yandex_vpc_security_group.kibana"
          ]
        }
      ]
    },
    {
      "mode": "managed",
      "type": "yandex_vpc_security_group_rule",
      "name": "kibana-ui-access",
      "provider": "provider[\"registry.terraform.io/yandex-cloud/yandex\"]",
      "instances": [
        {
          "schema_version": 0,
          "attributes": {
            "description": "KIBANA: UI access",
            "direction": "ingress",
            "from_port": -1,
            "id": "enprddqe1gdrgh8uv3f0",
            "labels": null,
            "port": 5601,
            "predefined_target": "",
            "protocol": "ANY",
            "security_group_binding": "enp8141088p9rkivvnmc",
            "security_group_id": "",
            "timeouts": null,
            "to_port": -1,
            "v4_cidr_blocks": [
              "0.0.0.0/0"
            ],
            "v6_cidr_blocks": null
          },
          "sensitive_attributes": [],
          "dependencies": [
            "yandex_vpc_network.vpc",
            "yandex_vpc_security_group.kibana"
          ]
        }
      ]
    },
    {
      "mode": "managed",
      "type": "yandex_vpc_security_group_rule",
      "name": "lb-access",
      "provider": "provider[\"registry.terraform.io/yandex-cloud/yandex\"]",
      "instances": [
        {
          "schema_version": 0,
          "attributes": {
            "description": "LB: incoming requests from web",
            "direction": "ingress",
            "from_port": -1,
            "id": "enpsuqmd0udc7c4vpetf",
            "labels": null,
            "port": 443,
            "predefined_target": "",
            "protocol": "TCP",
            "security_group_binding": "enp2ee8ijtlikev0975q",
            "security_group_id": "",
            "timeouts": null,
            "to_port": -1,
            "v4_cidr_blocks": [
              "0.0.0.0/0"
            ],
            "v6_cidr_blocks": null
          },
          "sensitive_attributes": [],
          "dependencies": [
            "yandex_vpc_network.vpc",
            "yandex_vpc_security_group.load-balancer"
          ]
        }
      ]
    },
    {
      "mode": "managed",
      "type": "yandex_vpc_security_group_rule",
      "name": "lb-egress",
      "provider": "provider[\"registry.terraform.io/yandex-cloud/yandex\"]",
      "instances": [
        {
          "schema_version": 0,
          "attributes": {
            "description": "KIBANA: outgoing requests",
            "direction": "egress",
            "from_port": -1,
            "id": "enp392qub0fakn7b3s20",
            "labels": null,
            "port": -1,
            "predefined_target": "",
            "protocol": "ANY",
            "security_group_binding": "enp2ee8ijtlikev0975q",
            "security_group_id": "",
            "timeouts": null,
            "to_port": -1,
            "v4_cidr_blocks": [
              "0.0.0.0/0"
            ],
            "v6_cidr_blocks": null
          },
          "sensitive_attributes": [],
          "dependencies": [
            "yandex_vpc_network.vpc",
            "yandex_vpc_security_group.load-balancer"
          ]
        }
      ]
    },
    {
      "mode": "managed",
      "type": "yandex_vpc_security_group_rule",
      "name": "lb-healthchecks",
      "provider": "provider[\"registry.terraform.io/yandex-cloud/yandex\"]",
      "instances": [
        {
          "schema_version": 0,
          "attributes": {
            "description": "LB: healthchecks",
            "direction": "ingress",
            "from_port": -1,
            "id": "enp32naol6nvqra0qujj",
            "labels": null,
            "port": 30080,
            "predefined_target": "loadbalancer_healthchecks",
            "protocol": "TCP",
            "security_group_binding": "enp2ee8ijtlikev0975q",
            "security_group_id": "",
            "timeouts": null,
            "to_port": -1,
            "v4_cidr_blocks": null,
            "v6_cidr_blocks": null
          },
          "sensitive_attributes": [],
          "dependencies": [
            "yandex_vpc_network.vpc",
            "yandex_vpc_security_group.load-balancer"
          ]
        }
      ]
    },
    {
      "mode": "managed",
      "type": "yandex_vpc_security_group_rule",
      "name": "pg-prometheus",
      "provider": "provider[\"registry.terraform.io/yandex-cloud/yandex\"]",
      "instances": [
        {
          "schema_version": 0,
          "attributes": {
            "description": "POSTGRES: incoming requests from Prometheus",
            "direction": "ingress",
            "from_port": -1,
            "id": "enpgdrr8rau4pjkvh76d",
            "labels": null,
            "port": 6432,
            "predefined_target": "",
            "protocol": "TCP",
            "security_group_binding": "enpg94cpjlqq9lqoomtq",
            "security_group_id": "enp972aopdup7et0a7so",
            "timeouts": null,
            "to_port": -1,
            "v4_cidr_blocks": null,
            "v6_cidr_blocks": null
          },
          "sensitive_attributes": [],
          "dependencies": [
            "yandex_vpc_network.vpc",
            "yandex_vpc_security_group.postgres",
            "yandex_vpc_security_group.prometheus"
          ]
        }
      ]
    },
    {
      "mode": "managed",
      "type": "yandex_vpc_security_group_rule",
      "name": "prom-egress",
      "provider": "provider[\"registry.terraform.io/yandex-cloud/yandex\"]",
      "instances": [
        {
          "schema_version": 0,
          "attributes": {
            "description": "PROMETHEUS: outgoing requests",
            "direction": "egress",
            "from_port": -1,
            "id": "enpejuvmja9let6enhg1",
            "labels": null,
            "port": -1,
            "predefined_target": "",
            "protocol": "ANY",
            "security_group_binding": "enp972aopdup7et0a7so",
            "security_group_id": "",
            "timeouts": null,
            "to_port": -1,
            "v4_cidr_blocks": [
              "0.0.0.0/0"
            ],
            "v6_cidr_blocks": null
          },
          "sensitive_attributes": [],
          "dependencies": [
            "yandex_vpc_network.vpc",
            "yandex_vpc_security_group.prometheus"
          ]
        }
      ]
    },
    {
      "mode": "managed",
      "type": "yandex_vpc_security_group_rule",
      "name": "prom-grafana",
      "provider": "provider[\"registry.terraform.io/yandex-cloud/yandex\"]",
      "instances": [
        {
          "schema_version": 0,
          "attributes": {
            "description": "PROMETHEUS: incoming queries from grafana",
            "direction": "ingress",
            "from_port": -1,
            "id": "enpd8j5vokv7ep5d1f86",
            "labels": null,
            "port": 9090,
            "predefined_target": "",
            "protocol": "TCP",
            "security_group_binding": "enp972aopdup7et0a7so",
            "security_group_id": "enpneqhi4o9mand5tg1v",
            "timeouts": null,
            "to_port": -1,
            "v4_cidr_blocks": null,
            "v6_cidr_blocks": null
          },
          "sensitive_attributes": [],
          "dependencies": [
            "yandex_vpc_network.vpc",
            "yandex_vpc_security_group.grafana",
            "yandex_vpc_security_group.prometheus"
          ]
        }
      ]
    },
    {
      "mode": "managed",
      "type": "yandex_vpc_security_group_rule",
      "name": "prom-ssh",
      "provider": "provider[\"registry.terraform.io/yandex-cloud/yandex\"]",
      "instances": [
        {
          "schema_version": 0,
          "attributes": {
            "description": "PROMETHEUS: bastion ssh connection",
            "direction": "ingress",
            "from_port": -1,
            "id": "enp7962joalv90l6qu77",
            "labels": null,
            "port": 22,
            "predefined_target": "",
            "protocol": "TCP",
            "security_group_binding": "enp972aopdup7et0a7so",
            "security_group_id": "enp1af2lliumm27he22p",
            "timeouts": null,
            "to_port": -1,
            "v4_cidr_blocks": null,
            "v6_cidr_blocks": null
          },
          "sensitive_attributes": [],
          "dependencies": [
            "yandex_vpc_network.vpc",
            "yandex_vpc_security_group.bastion",
            "yandex_vpc_security_group.prometheus"
          ]
        }
      ]
    },
    {
      "mode": "managed",
      "type": "yandex_vpc_security_group_rule",
      "name": "web-access",
      "provider": "provider[\"registry.terraform.io/yandex-cloud/yandex\"]",
      "instances": [
        {
          "schema_version": 0,
          "attributes": {
            "description": "incoming requests from web app",
            "direction": "ingress",
            "from_port": -1,
            "id": "enpmtjimtc3fkl8ra01t",
            "labels": null,
            "port": 80,
            "predefined_target": "",
            "protocol": "TCP",
            "security_group_binding": "enpabrhrb9410tkvmtdl",
            "security_group_id": "enp2ee8ijtlikev0975q",
            "timeouts": null,
            "to_port": -1,
            "v4_cidr_blocks": null,
            "v6_cidr_blocks": null
          },
          "sensitive_attributes": [],
          "dependencies": [
            "yandex_vpc_network.vpc",
            "yandex_vpc_security_group.load-balancer",
            "yandex_vpc_security_group.webservers"
          ]
        }
      ]
    },
    {
      "mode": "managed",
      "type": "yandex_vpc_security_group_rule",
      "name": "web-egress",
      "provider": "provider[\"registry.terraform.io/yandex-cloud/yandex\"]",
      "instances": [
        {
          "schema_version": 0,
          "attributes": {
            "description": "WEBSERVERS: outgoing requests",
            "direction": "egress",
            "from_port": -1,
            "id": "enpj4sje0td2ar822a63",
            "labels": null,
            "port": -1,
            "predefined_target": "",
            "protocol": "ANY",
            "security_group_binding": "enpabrhrb9410tkvmtdl",
            "security_group_id": "",
            "timeouts": null,
            "to_port": -1,
            "v4_cidr_blocks": [
              "0.0.0.0/0"
            ],
            "v6_cidr_blocks": null
          },
          "sensitive_attributes": [],
          "dependencies": [
            "yandex_vpc_network.vpc",
            "yandex_vpc_security_group.webservers"
          ]
        }
      ]
    },
    {
      "mode": "managed",
      "type": "yandex_vpc_security_group_rule",
      "name": "web-healthchecks",
      "provider": "provider[\"registry.terraform.io/yandex-cloud/yandex\"]",
      "instances": [
        {
          "schema_version": 0,
          "attributes": {
            "description": "LB healthchecks",
            "direction": "ingress",
            "from_port": -1,
            "id": "enpvgcagq6nvn0mkokeb",
            "labels": null,
            "port": 80,
            "predefined_target": "",
            "protocol": "TCP",
            "security_group_binding": "enpabrhrb9410tkvmtdl",
            "security_group_id": "",
            "timeouts": null,
            "to_port": -1,
            "v4_cidr_blocks": [
              "192.168.1.0/24",
              "192.168.2.0/24",
              "192.168.3.0/24"
            ],
            "v6_cidr_blocks": null
          },
          "sensitive_attributes": [],
          "dependencies": [
            "yandex_vpc_network.vpc",
            "yandex_vpc_security_group.webservers"
          ]
        }
      ]
    },
    {
      "mode": "managed",
      "type": "yandex_vpc_security_group_rule",
      "name": "web-nginx-metrics",
      "provider": "provider[\"registry.terraform.io/yandex-cloud/yandex\"]",
      "instances": [
        {
          "schema_version": 0,
          "attributes": {
            "description": "WEBSERVERS: scrape nginx metrics",
            "direction": "ingress",
            "from_port": -1,
            "id": "enpga60j6dbksgt3tfae",
            "labels": null,
            "port": 4040,
            "predefined_target": "",
            "protocol": "TCP",
            "security_group_binding": "enpabrhrb9410tkvmtdl",
            "security_group_id": "enp972aopdup7et0a7so",
            "timeouts": null,
            "to_port": -1,
            "v4_cidr_blocks": null,
            "v6_cidr_blocks": null
          },
          "sensitive_attributes": [],
          "dependencies": [
            "yandex_vpc_network.vpc",
            "yandex_vpc_security_group.prometheus",
            "yandex_vpc_security_group.webservers"
          ]
        }
      ]
    },
    {
      "mode": "managed",
      "type": "yandex_vpc_security_group_rule",
      "name": "web-node-metrics",
      "provider": "provider[\"registry.terraform.io/yandex-cloud/yandex\"]",
      "instances": [
        {
          "schema_version": 0,
          "attributes": {
            "description": "WEBSERVERS: scrape node metrics",
            "direction": "ingress",
            "from_port": -1,
            "id": "enpgb0qruldpbdfpqrch",
            "labels": null,
            "port": 9100,
            "predefined_target": "",
            "protocol": "TCP",
            "security_group_binding": "enpabrhrb9410tkvmtdl",
            "security_group_id": "enp972aopdup7et0a7so",
            "timeouts": null,
            "to_port": -1,
            "v4_cidr_blocks": null,
            "v6_cidr_blocks": null
          },
          "sensitive_attributes": [],
          "dependencies": [
            "yandex_vpc_network.vpc",
            "yandex_vpc_security_group.prometheus",
            "yandex_vpc_security_group.webservers"
          ]
        }
      ]
    },
    {
      "mode": "managed",
      "type": "yandex_vpc_security_group_rule",
      "name": "web-ssh",
      "provider": "provider[\"registry.terraform.io/yandex-cloud/yandex\"]",
      "instances": [
        {
          "schema_version": 0,
          "attributes": {
            "description": "WEBSERVERS: bastion ssh connection",
            "direction": "ingress",
            "from_port": -1,
            "id": "enpd7db2lrol9thhp3po",
            "labels": null,
            "port": 22,
            "predefined_target": "",
            "protocol": "TCP",
            "security_group_binding": "enpabrhrb9410tkvmtdl",
            "security_group_id": "enp1af2lliumm27he22p",
            "timeouts": null,
            "to_port": -1,
            "v4_cidr_blocks": null,
            "v6_cidr_blocks": null
          },
          "sensitive_attributes": [],
          "dependencies": [
            "yandex_vpc_network.vpc",
            "yandex_vpc_security_group.bastion",
            "yandex_vpc_security_group.webservers"
          ]
        }
      ]
    },
    {
      "mode": "managed",
      "type": "yandex_vpc_subnet",
      "name": "bastion",
      "provider": "provider[\"registry.terraform.io/yandex-cloud/yandex\"]",
      "instances": [
        {
          "schema_version": 0,
          "attributes": {
            "created_at": "2025-04-18T19:14:38Z",
            "description": "",
            "dhcp_options": [],
            "folder_id": "b1gmcfm3lo99laoohqlp",
            "id": "e2l89dh25bf9mkl48vkt",
            "labels": {},
            "name": "bastion",
            "network_id": "enpl3rrn103fs5bi9l9c",
            "route_table_id": "",
            "timeouts": null,
            "v4_cidr_blocks": [
              "192.168.99.0/24"
            ],
            "v6_cidr_blocks": [],
            "zone": "ru-central1-b"
          },
          "sensitive_attributes": [],
          "private": "eyJlMmJmYjczMC1lY2FhLTExZTYtOGY4OC0zNDM2M2JjN2M0YzAiOnsiY3JlYXRlIjoxODAwMDAwMDAwMDAsImRlbGV0ZSI6MTgwMDAwMDAwMDAwLCJ1cGRhdGUiOjE4MDAwMDAwMDAwMH19",
          "dependencies": [
            "yandex_vpc_network.vpc"
          ]
        }
      ]
    },
    {
      "mode": "managed",
      "type": "yandex_vpc_subnet",
      "name": "private-db-a",
      "provider": "provider[\"registry.terraform.io/yandex-cloud/yandex\"]",
      "instances": [
        {
          "schema_version": 0,
          "attributes": {
            "created_at": "2025-04-18T19:14:40Z",
            "description": "",
            "dhcp_options": [],
            "folder_id": "b1gmcfm3lo99laoohqlp",
            "id": "e9bnn4ep4rfj609u4p1s",
            "labels": {},
            "name": "private-db-a",
            "network_id": "enpl3rrn103fs5bi9l9c",
            "route_table_id": "",
            "timeouts": null,
            "v4_cidr_blocks": [
              "10.1.0.0/24"
            ],
            "v6_cidr_blocks": [],
            "zone": "ru-central1-a"
          },
          "sensitive_attributes": [],
          "private": "eyJlMmJmYjczMC1lY2FhLTExZTYtOGY4OC0zNDM2M2JjN2M0YzAiOnsiY3JlYXRlIjoxODAwMDAwMDAwMDAsImRlbGV0ZSI6MTgwMDAwMDAwMDAwLCJ1cGRhdGUiOjE4MDAwMDAwMDAwMH19",
          "dependencies": [
            "yandex_vpc_network.vpc"
          ]
        }
      ]
    },
    {
      "mode": "managed",
      "type": "yandex_vpc_subnet",
      "name": "private-db-b",
      "provider": "provider[\"registry.terraform.io/yandex-cloud/yandex\"]",
      "instances": [
        {
          "schema_version": 0,
          "attributes": {
            "created_at": "2025-04-18T19:14:37Z",
            "description": "",
            "dhcp_options": [],
            "folder_id": "b1gmcfm3lo99laoohqlp",
            "id": "e2lns5s61h0hd016q93d",
            "labels": {},
            "name": "private-db-b",
            "network_id": "enpl3rrn103fs5bi9l9c",
            "route_table_id": "",
            "timeouts": null,
            "v4_cidr_blocks": [
              "10.2.0.0/24"
            ],
            "v6_cidr_blocks": [],
            "zone": "ru-central1-b"
          },
          "sensitive_attributes": [],
          "private": "eyJlMmJmYjczMC1lY2FhLTExZTYtOGY4OC0zNDM2M2JjN2M0YzAiOnsiY3JlYXRlIjoxODAwMDAwMDAwMDAsImRlbGV0ZSI6MTgwMDAwMDAwMDAwLCJ1cGRhdGUiOjE4MDAwMDAwMDAwMH19",
          "dependencies": [
            "yandex_vpc_network.vpc"
          ]
        }
      ]
    },
    {
      "mode": "managed",
      "type": "yandex_vpc_subnet",
      "name": "private-observability",
      "provider": "provider[\"registry.terraform.io/yandex-cloud/yandex\"]",
      "instances": [
        {
          "schema_version": 0,
          "attributes": {
            "created_at": "2025-04-18T19:14:39Z",
            "description": "",
            "dhcp_options": [],
            "folder_id": "b1gmcfm3lo99laoohqlp",
            "id": "e2ljph631i5baa5aph3r",
            "labels": {},
            "name": "private-observability",
            "network_id": "enpl3rrn103fs5bi9l9c",
            "route_table_id": "enp5b25so8h2gpememr0",
            "timeouts": null,
            "v4_cidr_blocks": [
              "192.168.4.0/24"
            ],
            "v6_cidr_blocks": [],
            "zone": "ru-central1-b"
          },
          "sensitive_attributes": [],
          "private": "eyJlMmJmYjczMC1lY2FhLTExZTYtOGY4OC0zNDM2M2JjN2M0YzAiOnsiY3JlYXRlIjoxODAwMDAwMDAwMDAsImRlbGV0ZSI6MTgwMDAwMDAwMDAwLCJ1cGRhdGUiOjE4MDAwMDAwMDAwMH19",
          "dependencies": [
            "yandex_vpc_gateway.cw-private-gateway",
            "yandex_vpc_network.vpc",
            "yandex_vpc_route_table.vpc_route"
          ]
        }
      ]
    },
    {
      "mode": "managed",
      "type": "yandex_vpc_subnet",
      "name": "private-web-a",
      "provider": "provider[\"registry.terraform.io/yandex-cloud/yandex\"]",
      "instances": [
        {
          "schema_version": 0,
          "attributes": {
            "created_at": "2025-04-18T19:12:40Z",
            "description": "",
            "dhcp_options": [],
            "folder_id": "b1gmcfm3lo99laoohqlp",
            "id": "e9b4das7diguc3rbpbvb",
            "labels": {},
            "name": "private-web-a",
            "network_id": "enpl3rrn103fs5bi9l9c",
            "route_table_id": "enp5b25so8h2gpememr0",
            "timeouts": null,
            "v4_cidr_blocks": [
              "192.168.1.0/24"
            ],
            "v6_cidr_blocks": [],
            "zone": "ru-central1-a"
          },
          "sensitive_attributes": [],
          "private": "eyJlMmJmYjczMC1lY2FhLTExZTYtOGY4OC0zNDM2M2JjN2M0YzAiOnsiY3JlYXRlIjoxODAwMDAwMDAwMDAsImRlbGV0ZSI6MTgwMDAwMDAwMDAwLCJ1cGRhdGUiOjE4MDAwMDAwMDAwMH19",
          "dependencies": [
            "yandex_vpc_gateway.cw-private-gateway",
            "yandex_vpc_network.vpc",
            "yandex_vpc_route_table.vpc_route"
          ]
        }
      ]
    },
    {
      "mode": "managed",
      "type": "yandex_vpc_subnet",
      "name": "private-web-b",
      "provider": "provider[\"registry.terraform.io/yandex-cloud/yandex\"]",
      "instances": [
        {
          "schema_version": 0,
          "attributes": {
            "created_at": "2025-04-18T19:12:41Z",
            "description": "",
            "dhcp_options": [],
            "folder_id": "b1gmcfm3lo99laoohqlp",
            "id": "e2l24khlmm3rbluihvtg",
            "labels": {},
            "name": "private-web-b",
            "network_id": "enpl3rrn103fs5bi9l9c",
            "route_table_id": "enp5b25so8h2gpememr0",
            "timeouts": null,
            "v4_cidr_blocks": [
              "192.168.2.0/24"
            ],
            "v6_cidr_blocks": [],
            "zone": "ru-central1-b"
          },
          "sensitive_attributes": [],
          "private": "eyJlMmJmYjczMC1lY2FhLTExZTYtOGY4OC0zNDM2M2JjN2M0YzAiOnsiY3JlYXRlIjoxODAwMDAwMDAwMDAsImRlbGV0ZSI6MTgwMDAwMDAwMDAwLCJ1cGRhdGUiOjE4MDAwMDAwMDAwMH19",
          "dependencies": [
            "yandex_vpc_gateway.cw-private-gateway",
            "yandex_vpc_network.vpc",
            "yandex_vpc_route_table.vpc_route"
          ]
        }
      ]
    },
    {
      "mode": "managed",
      "type": "yandex_vpc_subnet",
      "name": "private-web-c",
      "provider": "provider[\"registry.terraform.io/yandex-cloud/yandex\"]",
      "instances": [
        {
          "schema_version": 0,
          "attributes": {
            "created_at": "2025-04-18T19:12:39Z",
            "description": "",
            "dhcp_options": [],
            "folder_id": "b1gmcfm3lo99laoohqlp",
            "id": "fl8v4h2o8s3n4o7s6bti",
            "labels": {},
            "name": "private-web-d",
            "network_id": "enpl3rrn103fs5bi9l9c",
            "route_table_id": "enp5b25so8h2gpememr0",
            "timeouts": null,
            "v4_cidr_blocks": [
              "192.168.3.0/24"
            ],
            "v6_cidr_blocks": [],
            "zone": "ru-central1-d"
          },
          "sensitive_attributes": [],
          "private": "eyJlMmJmYjczMC1lY2FhLTExZTYtOGY4OC0zNDM2M2JjN2M0YzAiOnsiY3JlYXRlIjoxODAwMDAwMDAwMDAsImRlbGV0ZSI6MTgwMDAwMDAwMDAwLCJ1cGRhdGUiOjE4MDAwMDAwMDAwMH19",
          "dependencies": [
            "yandex_vpc_gateway.cw-private-gateway",
            "yandex_vpc_network.vpc",
            "yandex_vpc_route_table.vpc_route"
          ]
        }
      ]
    },
    {
      "mode": "managed",
      "type": "yandex_vpc_subnet",
      "name": "public",
      "provider": "provider[\"registry.terraform.io/yandex-cloud/yandex\"]",
      "instances": [
        {
          "schema_version": 0,
          "attributes": {
            "created_at": "2025-04-18T19:14:39Z",
            "description": "",
            "dhcp_options": [],
            "folder_id": "b1gmcfm3lo99laoohqlp",
            "id": "e2l3jb5pgu9h6ursul90",
            "labels": {},
            "name": "public",
            "network_id": "enpl3rrn103fs5bi9l9c",
            "route_table_id": "",
            "timeouts": null,
            "v4_cidr_blocks": [
              "192.168.10.0/24"
            ],
            "v6_cidr_blocks": [],
            "zone": "ru-central1-b"
          },
          "sensitive_attributes": [],
          "private": "eyJlMmJmYjczMC1lY2FhLTExZTYtOGY4OC0zNDM2M2JjN2M0YzAiOnsiY3JlYXRlIjoxODAwMDAwMDAwMDAsImRlbGV0ZSI6MTgwMDAwMDAwMDAwLCJ1cGRhdGUiOjE4MDAwMDAwMDAwMH19",
          "dependencies": [
            "yandex_vpc_network.vpc"
          ]
        }
      ]
    }
  ],
  "check_results": null
}
